{
  "name": "tauri-app",
  "lockfileVersion": 2,
  "requires": true,
  "packages": {
    "": {
      "devDependencies": {
        "@tauri-apps/cli": "^2.0.0-beta.22"
      }
    },
    "node_modules/@tauri-apps/cli": {
      "version": "2.0.0-beta.22",
      "resolved": "https://registry.npmjs.org/@tauri-apps/cli/-/cli-2.0.0-beta.22.tgz",
      "integrity": "sha512-OAuiDdSRKxNmr/dseQKKMoZZxIhQ6aAxmXJctGYJxCnkd62tQ8xeq87roVXGNS5Qkuv7WpySAyR0ntiMjvNLUA==",
      "dev": true,
      "bin": {
        "tauri": "tauri.js"
      },
      "engines": {
        "node": ">= 10"
      },
      "funding": {
        "type": "opencollective",
        "url": "https://opencollective.com/tauri"
      },
      "optionalDependencies": {
        "@tauri-apps/cli-darwin-arm64": "2.0.0-beta.22",
        "@tauri-apps/cli-darwin-x64": "2.0.0-beta.22",
        "@tauri-apps/cli-linux-arm-gnueabihf": "2.0.0-beta.22",
        "@tauri-apps/cli-linux-arm64-gnu": "2.0.0-beta.22",
        "@tauri-apps/cli-linux-arm64-musl": "2.0.0-beta.22",
        "@tauri-apps/cli-linux-x64-gnu": "2.0.0-beta.22",
        "@tauri-apps/cli-linux-x64-musl": "2.0.0-beta.22",
        "@tauri-apps/cli-win32-arm64-msvc": "2.0.0-beta.22",
        "@tauri-apps/cli-win32-ia32-msvc": "2.0.0-beta.22",
        "@tauri-apps/cli-win32-x64-msvc": "2.0.0-beta.22"
      }
    },
    "node_modules/@tauri-apps/cli-darwin-arm64": {
      "version": "2.0.0-beta.22",
      "resolved": "https://registry.npmjs.org/@tauri-apps/cli-darwin-arm64/-/cli-darwin-arm64-2.0.0-beta.22.tgz",
      "integrity": "sha512-Ofhythvg1Ks2IM87WUYNtgFzm21aU1Zn+8QP81lJy9Y7ZGMxP8FYfqeHz6GIWKI+CYf6I77HA8LHkT9pyE5PYg==",
      "cpu": [
        "arm64"
      ],
      "dev": true,
      "optional": true,
      "os": [
        "darwin"
      ],
      "engines": {
        "node": ">= 10"
      }
    },
    "node_modules/@tauri-apps/cli-darwin-x64": {
      "version": "2.0.0-beta.22",
      "resolved": "https://registry.npmjs.org/@tauri-apps/cli-darwin-x64/-/cli-darwin-x64-2.0.0-beta.22.tgz",
      "integrity": "sha512-/lWIixo7WgmMUqcxlPT7Ojlkl6qbVlNDwUZ+9DtTpoWnaaBxv/YpSe1k62vDWEC7l0apFY+Fz7cRONN2wglFyQ==",
      "cpu": [
        "x64"
      ],
      "dev": true,
      "optional": true,
      "os": [
        "darwin"
      ],
      "engines": {
        "node": ">= 10"
      }
    },
    "node_modules/@tauri-apps/cli-linux-arm-gnueabihf": {
      "version": "2.0.0-beta.22",
      "resolved": "https://registry.npmjs.org/@tauri-apps/cli-linux-arm-gnueabihf/-/cli-linux-arm-gnueabihf-2.0.0-beta.22.tgz",
      "integrity": "sha512-9nJCSStoxu4BKaKVJhu/uBJ8IsIofwAdsX0TWFxqo0obaZbeQSEpPhVsCy+uk3u/28dF+qyUtMCYawO2Uljnag==",
      "cpu": [
        "arm"
      ],
      "dev": true,
      "optional": true,
      "os": [
        "linux"
      ],
      "engines": {
        "node": ">= 10"
      }
    },
    "node_modules/@tauri-apps/cli-linux-arm64-gnu": {
      "version": "2.0.0-beta.22",
      "resolved": "https://registry.npmjs.org/@tauri-apps/cli-linux-arm64-gnu/-/cli-linux-arm64-gnu-2.0.0-beta.22.tgz",
      "integrity": "sha512-TF9q9zHFBx9LaG2fJJC+BcpIokOmX1UIniBapndvx3dJmdDiK4F6w2QYKDkrBQVzDzcIducmdo2zNBv17O9tFQ==",
      "cpu": [
        "arm64"
      ],
      "dev": true,
      "optional": true,
      "os": [
        "linux"
      ],
      "engines": {
        "node": ">= 10"
      }
    },
    "node_modules/@tauri-apps/cli-linux-arm64-musl": {
      "version": "2.0.0-beta.22",
      "resolved": "https://registry.npmjs.org/@tauri-apps/cli-linux-arm64-musl/-/cli-linux-arm64-musl-2.0.0-beta.22.tgz",
      "integrity": "sha512-ak/RdmaV7sATQmNOxlpHVlbKlrdquH7WH8nOv82X+iK+1HgAOGGqLqBUMzzhkGqo9SHQ9zJ6A2yOo7Z6TJXMmQ==",
      "cpu": [
        "arm64"
      ],
      "dev": true,
      "optional": true,
      "os": [
        "linux"
      ],
      "engines": {
        "node": ">= 10"
      }
    },
    "node_modules/@tauri-apps/cli-linux-x64-gnu": {
      "version": "2.0.0-beta.22",
      "resolved": "https://registry.npmjs.org/@tauri-apps/cli-linux-x64-gnu/-/cli-linux-x64-gnu-2.0.0-beta.22.tgz",
      "integrity": "sha512-9t+jQeMqBdXz51ikTh1PQFG/gs9PBzXmtMcIzUxE0juvH/ynjw0Vf+yZbNmwqVS9g7cj8XiBXoc6/N41SZE2cA==",
      "cpu": [
        "x64"
      ],
      "dev": true,
      "optional": true,
      "os": [
        "linux"
      ],
      "engines": {
        "node": ">= 10"
      }
    },
    "node_modules/@tauri-apps/cli-linux-x64-musl": {
      "version": "2.0.0-beta.22",
      "resolved": "https://registry.npmjs.org/@tauri-apps/cli-linux-x64-musl/-/cli-linux-x64-musl-2.0.0-beta.22.tgz",
      "integrity": "sha512-PemcztfHG3HAuuo7HcnhfDrtN9NT7kueyNg8ipxJNPMa+s4K7kfieViyEiMW5pTr2F5WG/UuBSNcuwY+DVCcPA==",
      "cpu": [
        "x64"
      ],
      "dev": true,
      "optional": true,
      "os": [
        "linux"
      ],
      "engines": {
        "node": ">= 10"
      }
    },
    "node_modules/@tauri-apps/cli-win32-arm64-msvc": {
      "version": "2.0.0-beta.22",
      "resolved": "https://registry.npmjs.org/@tauri-apps/cli-win32-arm64-msvc/-/cli-win32-arm64-msvc-2.0.0-beta.22.tgz",
      "integrity": "sha512-EgKoG/jGEtTzhOp7ISjMdQsfd8IOG/5yZhO9Z4L/u7oB9mprKAJohYs24+ZxJtq2bOz4f/ZIysZ19nbkpxUzrg==",
      "cpu": [
        "arm64"
      ],
      "dev": true,
      "optional": true,
      "os": [
        "win32"
      ],
      "engines": {
        "node": ">= 10"
      }
    },
    "node_modules/@tauri-apps/cli-win32-ia32-msvc": {
      "version": "2.0.0-beta.22",
      "resolved": "https://registry.npmjs.org/@tauri-apps/cli-win32-ia32-msvc/-/cli-win32-ia32-msvc-2.0.0-beta.22.tgz",
      "integrity": "sha512-67OrM2m4FB3KujPbjd/i+9lqcLDO3/ixqL1GMc3BoHhcjF+7QY08OxqWeitdsP/8ihnMIIdir2xEjNUKc6Zelw==",
      "cpu": [
        "ia32"
      ],
      "dev": true,
      "optional": true,
      "os": [
        "win32"
      ],
      "engines": {
        "node": ">= 10"
      }
    },
    "node_modules/@tauri-apps/cli-win32-x64-msvc": {
      "version": "2.0.0-beta.22",
      "resolved": "https://registry.npmjs.org/@tauri-apps/cli-win32-x64-msvc/-/cli-win32-x64-msvc-2.0.0-beta.22.tgz",
      "integrity": "sha512-BsO5xMUxliTZTImXnOC73sKT2U9VUeqR8AtklSObBcAg5LaZKpYOdF2pZzU6rIMAZwzROTAT1hYsr4r/nx2UZg==",
      "cpu": [
        "x64"
      ],
      "dev": true,
      "optional": true,
      "os": [
        "win32"
      ],
      "engines": {
        "node": ">= 10"
      }
    }
  },
  "dependencies": {
    "@tauri-apps/cli": {
      "version": "2.0.0-beta.22",
      "resolved": "https://registry.npmjs.org/@tauri-apps/cli/-/cli-2.0.0-beta.22.tgz",
      "integrity": "sha512-OAuiDdSRKxNmr/dseQKKMoZZxIhQ6aAxmXJctGYJxCnkd62tQ8xeq87roVXGNS5Qkuv7WpySAyR0ntiMjvNLUA==",
      "dev": true,
      "requires": {
        "@tauri-apps/cli-darwin-arm64": "2.0.0-beta.22",
        "@tauri-apps/cli-darwin-x64": "2.0.0-beta.22",
        "@tauri-apps/cli-linux-arm-gnueabihf": "2.0.0-beta.22",
        "@tauri-apps/cli-linux-arm64-gnu": "2.0.0-beta.22",
        "@tauri-apps/cli-linux-arm64-musl": "2.0.0-beta.22",
        "@tauri-apps/cli-linux-x64-gnu": "2.0.0-beta.22",
        "@tauri-apps/cli-linux-x64-musl": "2.0.0-beta.22",
        "@tauri-apps/cli-win32-arm64-msvc": "2.0.0-beta.22",
        "@tauri-apps/cli-win32-ia32-msvc": "2.0.0-beta.22",
        "@tauri-apps/cli-win32-x64-msvc": "2.0.0-beta.22"
      }
    },
    "@tauri-apps/cli-darwin-arm64": {
      "version": "2.0.0-beta.22",
      "resolved": "https://registry.npmjs.org/@tauri-apps/cli-darwin-arm64/-/cli-darwin-arm64-2.0.0-beta.22.tgz",
      "integrity": "sha512-Ofhythvg1Ks2IM87WUYNtgFzm21aU1Zn+8QP81lJy9Y7ZGMxP8FYfqeHz6GIWKI+CYf6I77HA8LHkT9pyE5PYg==",
      "dev": true,
      "optional": true
    },
    "@tauri-apps/cli-darwin-x64": {
      "version": "2.0.0-beta.22",
      "resolved": "https://registry.npmjs.org/@tauri-apps/cli-darwin-x64/-/cli-darwin-x64-2.0.0-beta.22.tgz",
      "integrity": "sha512-/lWIixo7WgmMUqcxlPT7Ojlkl6qbVlNDwUZ+9DtTpoWnaaBxv/YpSe1k62vDWEC7l0apFY+Fz7cRONN2wglFyQ==",
      "dev": true,
      "optional": true
    },
    "@tauri-apps/cli-linux-arm-gnueabihf": {
      "version": "2.0.0-beta.22",
      "resolved": "https://registry.npmjs.org/@tauri-apps/cli-linux-arm-gnueabihf/-/cli-linux-arm-gnueabihf-2.0.0-beta.22.tgz",
      "integrity": "sha512-9nJCSStoxu4BKaKVJhu/uBJ8IsIofwAdsX0TWFxqo0obaZbeQSEpPhVsCy+uk3u/28dF+qyUtMCYawO2Uljnag==",
      "dev": true,
      "optional": true
    },
    "@tauri-apps/cli-linux-arm64-gnu": {
      "version": "2.0.0-beta.22",
      "resolved": "https://registry.npmjs.org/@tauri-apps/cli-linux-arm64-gnu/-/cli-linux-arm64-gnu-2.0.0-beta.22.tgz",
      "integrity": "sha512-TF9q9zHFBx9LaG2fJJC+BcpIokOmX1UIniBapndvx3dJmdDiK4F6w2QYKDkrBQVzDzcIducmdo2zNBv17O9tFQ==",
      "dev": true,
      "optional": true
    },
    "@tauri-apps/cli-linux-arm64-musl": {
      "version": "2.0.0-beta.22",
      "resolved": "https://registry.npmjs.org/@tauri-apps/cli-linux-arm64-musl/-/cli-linux-arm64-musl-2.0.0-beta.22.tgz",
      "integrity": "sha512-ak/RdmaV7sATQmNOxlpHVlbKlrdquH7WH8nOv82X+iK+1HgAOGGqLqBUMzzhkGqo9SHQ9zJ6A2yOo7Z6TJXMmQ==",
      "dev": true,
      "optional": true
    },
    "@tauri-apps/cli-linux-x64-gnu": {
      "version": "2.0.0-beta.22",
      "resolved": "https://registry.npmjs.org/@tauri-apps/cli-linux-x64-gnu/-/cli-linux-x64-gnu-2.0.0-beta.22.tgz",
      "integrity": "sha512-9t+jQeMqBdXz51ikTh1PQFG/gs9PBzXmtMcIzUxE0juvH/ynjw0Vf+yZbNmwqVS9g7cj8XiBXoc6/N41SZE2cA==",
      "dev": true,
      "optional": true
    },
    "@tauri-apps/cli-linux-x64-musl": {
      "version": "2.0.0-beta.22",
      "resolved": "https://registry.npmjs.org/@tauri-apps/cli-linux-x64-musl/-/cli-linux-x64-musl-2.0.0-beta.22.tgz",
      "integrity": "sha512-PemcztfHG3HAuuo7HcnhfDrtN9NT7kueyNg8ipxJNPMa+s4K7kfieViyEiMW5pTr2F5WG/UuBSNcuwY+DVCcPA==",
      "dev": true,
      "optional": true
    },
    "@tauri-apps/cli-win32-arm64-msvc": {
      "version": "2.0.0-beta.22",
      "resolved": "https://registry.npmjs.org/@tauri-apps/cli-win32-arm64-msvc/-/cli-win32-arm64-msvc-2.0.0-beta.22.tgz",
      "integrity": "sha512-EgKoG/jGEtTzhOp7ISjMdQsfd8IOG/5yZhO9Z4L/u7oB9mprKAJohYs24+ZxJtq2bOz4f/ZIysZ19nbkpxUzrg==",
      "dev": true,
      "optional": true
    },
    "@tauri-apps/cli-win32-ia32-msvc": {
      "version": "2.0.0-beta.22",
      "resolved": "https://registry.npmjs.org/@tauri-apps/cli-win32-ia32-msvc/-/cli-win32-ia32-msvc-2.0.0-beta.22.tgz",
      "integrity": "sha512-67OrM2m4FB3KujPbjd/i+9lqcLDO3/ixqL1GMc3BoHhcjF+7QY08OxqWeitdsP/8ihnMIIdir2xEjNUKc6Zelw==",
      "dev": true,
      "optional": true
    },
    "@tauri-apps/cli-win32-x64-msvc": {
      "version": "2.0.0-beta.22",
      "resolved": "https://registry.npmjs.org/@tauri-apps/cli-win32-x64-msvc/-/cli-win32-x64-msvc-2.0.0-beta.22.tgz",
      "integrity": "sha512-BsO5xMUxliTZTImXnOC73sKT2U9VUeqR8AtklSObBcAg5LaZKpYOdF2pZzU6rIMAZwzROTAT1hYsr4r/nx2UZg==",
      "dev": true,
      "optional": true
    }
  }
}
