{
  "name": "TauriApp",
  "lockfileVersion": 2,
  "requires": true,
  "packages": {
    "": {
      "devDependencies": {
        "@tauri-apps/cli": "^2.4.0"
      }
    },
    "node_modules/@tauri-apps/cli": {
      "version": "2.4.1",
      "resolved": "https://registry.npmjs.org/@tauri-apps/cli/-/cli-2.4.1.tgz",
      "integrity": "sha512-9Ta81jx9+57FhtU/mPIckDcOBtPTUdKM75t4+aA0X84b8Sclb0jy1xA8NplmcRzp2fsfIHNngU2NiRxsW5+yOQ==",
      "dev": true,
      "license": "Apache-2.0 OR MIT",
      "bin": {
        "tauri": "tauri.js"
      },
      "engines": {
        "node": ">= 10"
      },
      "funding": {
        "type": "opencollective",
        "url": "https://opencollective.com/tauri"
      },
      "optionalDependencies": {
        "@tauri-apps/cli-darwin-arm64": "2.4.1",
        "@tauri-apps/cli-darwin-x64": "2.4.1",
        "@tauri-apps/cli-linux-arm-gnueabihf": "2.4.1",
        "@tauri-apps/cli-linux-arm64-gnu": "2.4.1",
        "@tauri-apps/cli-linux-arm64-musl": "2.4.1",
        "@tauri-apps/cli-linux-riscv64-gnu": "2.4.1",
        "@tauri-apps/cli-linux-x64-gnu": "2.4.1",
        "@tauri-apps/cli-linux-x64-musl": "2.4.1",
        "@tauri-apps/cli-win32-arm64-msvc": "2.4.1",
        "@tauri-apps/cli-win32-ia32-msvc": "2.4.1",
        "@tauri-apps/cli-win32-x64-msvc": "2.4.1"
      }
    },
    "node_modules/@tauri-apps/cli-darwin-arm64": {
      "version": "2.4.1",
      "resolved": "https://registry.npmjs.org/@tauri-apps/cli-darwin-arm64/-/cli-darwin-arm64-2.4.1.tgz",
      "integrity": "sha512-QME7s8XQwy3LWClTVlIlwXVSLKkeJ/z88pr917Mtn9spYOjnBfsgHAgGdmpWD3NfJxjg7CtLbhH49DxoFL+hLg==",
      "cpu": [
        "arm64"
      ],
      "dev": true,
      "license": "Apache-2.0 OR MIT",
      "optional": true,
      "os": [
        "darwin"
      ],
      "engines": {
        "node": ">= 10"
      }
    },
    "node_modules/@tauri-apps/cli-darwin-x64": {
      "version": "2.4.1",
      "resolved": "https://registry.npmjs.org/@tauri-apps/cli-darwin-x64/-/cli-darwin-x64-2.4.1.tgz",
      "integrity": "sha512-/r89IcW6Ya1sEsFUEH7wLNruDTj7WmDWKGpPy7gATFtQr5JEY4heernqE82isjTUimnHZD8SCr0jA3NceI4ybw==",
      "cpu": [
        "x64"
      ],
      "dev": true,
      "license": "Apache-2.0 OR MIT",
      "optional": true,
      "os": [
        "darwin"
      ],
      "engines": {
        "node": ">= 10"
      }
    },
    "node_modules/@tauri-apps/cli-linux-arm-gnueabihf": {
      "version": "2.4.1",
      "resolved": "https://registry.npmjs.org/@tauri-apps/cli-linux-arm-gnueabihf/-/cli-linux-arm-gnueabihf-2.4.1.tgz",
      "integrity": "sha512-9tDijkRB+CchAGjXxYdY9l/XzFpLp1yihUtGXJz9eh+3qIoRI043n3e+6xmU8ZURr7XPnu+R4sCmXs6HD+NCEQ==",
      "cpu": [
        "arm"
      ],
      "dev": true,
      "license": "Apache-2.0 OR MIT",
      "optional": true,
      "os": [
        "linux"
      ],
      "engines": {
        "node": ">= 10"
      }
    },
    "node_modules/@tauri-apps/cli-linux-arm64-gnu": {
      "version": "2.4.1",
      "resolved": "https://registry.npmjs.org/@tauri-apps/cli-linux-arm64-gnu/-/cli-linux-arm64-gnu-2.4.1.tgz",
      "integrity": "sha512-pnFGDEXBAzS4iDYAVxTRhAzNu3K2XPGflYyBc0czfHDBXopqRgMyj5Q9Wj7HAwv6cM8BqzXINxnb2ZJFGmbSgA==",
      "cpu": [
        "arm64"
      ],
      "dev": true,
      "license": "Apache-2.0 OR MIT",
      "optional": true,
      "os": [
        "linux"
      ],
      "engines": {
        "node": ">= 10"
      }
    },
    "node_modules/@tauri-apps/cli-linux-arm64-musl": {
      "version": "2.4.1",
      "resolved": "https://registry.npmjs.org/@tauri-apps/cli-linux-arm64-musl/-/cli-linux-arm64-musl-2.4.1.tgz",
      "integrity": "sha512-Hp0zXgeZNKmT+eoJSCxSBUm2QndNuRxR55tmIeNm3vbyUMJN/49uW7nurZ5fBPsacN4Pzwlx1dIMK+Gnr9A69w==",
      "cpu": [
        "arm64"
      ],
      "dev": true,
      "license": "Apache-2.0 OR MIT",
      "optional": true,
      "os": [
        "linux"
      ],
      "engines": {
        "node": ">= 10"
      }
    },
    "node_modules/@tauri-apps/cli-linux-riscv64-gnu": {
      "version": "2.4.1",
      "resolved": "https://registry.npmjs.org/@tauri-apps/cli-linux-riscv64-gnu/-/cli-linux-riscv64-gnu-2.4.1.tgz",
      "integrity": "sha512-3T3bo2E4fdYRvzcXheWUeQOVB+LunEEi92iPRgOyuSVexVE4cmHYl+MPJF+EUV28Et0hIVTsHibmDO0/04lAFg==",
      "cpu": [
        "riscv64"
      ],
      "dev": true,
      "license": "Apache-2.0 OR MIT",
      "optional": true,
      "os": [
        "linux"
      ],
      "engines": {
        "node": ">= 10"
      }
    },
    "node_modules/@tauri-apps/cli-linux-x64-gnu": {
      "version": "2.4.1",
      "resolved": "https://registry.npmjs.org/@tauri-apps/cli-linux-x64-gnu/-/cli-linux-x64-gnu-2.4.1.tgz",
      "integrity": "sha512-kLN0FdNONO+2i+OpU9+mm6oTGufRC00e197TtwjpC0N6K2K8130w7Q3FeODIM2CMyg0ov3tH+QWqKW7GNhHFzg==",
      "cpu": [
        "x64"
      ],
      "dev": true,
      "license": "Apache-2.0 OR MIT",
      "optional": true,
      "os": [
        "linux"
      ],
      "engines": {
        "node": ">= 10"
      }
    },
    "node_modules/@tauri-apps/cli-linux-x64-musl": {
      "version": "2.4.1",
      "resolved": "https://registry.npmjs.org/@tauri-apps/cli-linux-x64-musl/-/cli-linux-x64-musl-2.4.1.tgz",
      "integrity": "sha512-a8exvA5Ub9eg66a6hsMQKJIkf63QAf9OdiuFKOsEnKZkNN2x0NLgfvEcqdw88VY0UMs9dBoZ1AGbWMeYnLrLwQ==",
      "cpu": [
        "x64"
      ],
      "dev": true,
      "license": "Apache-2.0 OR MIT",
      "optional": true,
      "os": [
        "linux"
      ],
      "engines": {
        "node": ">= 10"
      }
    },
    "node_modules/@tauri-apps/cli-win32-arm64-msvc": {
      "version": "2.4.1",
      "resolved": "https://registry.npmjs.org/@tauri-apps/cli-win32-arm64-msvc/-/cli-win32-arm64-msvc-2.4.1.tgz",
      "integrity": "sha512-4JFrslsMCJQG1c573T9uqQSAbF3j/tMKkMWzsIssv8jvPiP++OG61A2/F+y9te9/Q/O95cKhDK63kaiO5xQaeg==",
      "cpu": [
        "arm64"
      ],
      "dev": true,
      "license": "Apache-2.0 OR MIT",
      "optional": true,
      "os": [
        "win32"
      ],
      "engines": {
        "node": ">= 10"
      }
    },
    "node_modules/@tauri-apps/cli-win32-ia32-msvc": {
      "version": "2.4.1",
      "resolved": "https://registry.npmjs.org/@tauri-apps/cli-win32-ia32-msvc/-/cli-win32-ia32-msvc-2.4.1.tgz",
      "integrity": "sha512-9eXfFORehYSCRwxg2KodfmX/mhr50CI7wyBYGbPLePCjr5z0jK/9IyW6r0tC+ZVjwpX48dkk7hKiUgI25jHjzA==",
      "cpu": [
        "ia32"
      ],
      "dev": true,
      "license": "Apache-2.0 OR MIT",
      "optional": true,
      "os": [
        "win32"
      ],
      "engines": {
        "node": ">= 10"
      }
    },
    "node_modules/@tauri-apps/cli-win32-x64-msvc": {
      "version": "2.4.1",
      "resolved": "https://registry.npmjs.org/@tauri-apps/cli-win32-x64-msvc/-/cli-win32-x64-msvc-2.4.1.tgz",
      "integrity": "sha512-60a4Ov7Jrwqz2hzDltlS7301dhSAmM9dxo+IRBD3xz7yobKrgaHXYpWvnRomYItHcDd51VaKc9292H8/eE/gsw==",
      "cpu": [
        "x64"
      ],
      "dev": true,
      "license": "Apache-2.0 OR MIT",
      "optional": true,
      "os": [
        "win32"
      ],
      "engines": {
        "node": ">= 10"
      }
    }
  },
  "dependencies": {
    "@tauri-apps/cli": {
      "version": "2.4.1",
      "resolved": "https://registry.npmjs.org/@tauri-apps/cli/-/cli-2.4.1.tgz",
      "integrity": "sha512-9Ta81jx9+57FhtU/mPIckDcOBtPTUdKM75t4+aA0X84b8Sclb0jy1xA8NplmcRzp2fsfIHNngU2NiRxsW5+yOQ==",
      "dev": true,
      "requires": {
        "@tauri-apps/cli-darwin-arm64": "2.4.1",
        "@tauri-apps/cli-darwin-x64": "2.4.1",
        "@tauri-apps/cli-linux-arm-gnueabihf": "2.4.1",
        "@tauri-apps/cli-linux-arm64-gnu": "2.4.1",
        "@tauri-apps/cli-linux-arm64-musl": "2.4.1",
        "@tauri-apps/cli-linux-riscv64-gnu": "2.4.1",
        "@tauri-apps/cli-linux-x64-gnu": "2.4.1",
        "@tauri-apps/cli-linux-x64-musl": "2.4.1",
        "@tauri-apps/cli-win32-arm64-msvc": "2.4.1",
        "@tauri-apps/cli-win32-ia32-msvc": "2.4.1",
        "@tauri-apps/cli-win32-x64-msvc": "2.4.1"
      }
    },
    "@tauri-apps/cli-darwin-arm64": {
      "version": "2.4.1",
      "resolved": "https://registry.npmjs.org/@tauri-apps/cli-darwin-arm64/-/cli-darwin-arm64-2.4.1.tgz",
      "integrity": "sha512-QME7s8XQwy3LWClTVlIlwXVSLKkeJ/z88pr917Mtn9spYOjnBfsgHAgGdmpWD3NfJxjg7CtLbhH49DxoFL+hLg==",
      "dev": true,
      "optional": true
    },
    "@tauri-apps/cli-darwin-x64": {
      "version": "2.4.1",
      "resolved": "https://registry.npmjs.org/@tauri-apps/cli-darwin-x64/-/cli-darwin-x64-2.4.1.tgz",
      "integrity": "sha512-/r89IcW6Ya1sEsFUEH7wLNruDTj7WmDWKGpPy7gATFtQr5JEY4heernqE82isjTUimnHZD8SCr0jA3NceI4ybw==",
      "dev": true,
      "optional": true
    },
    "@tauri-apps/cli-linux-arm-gnueabihf": {
      "version": "2.4.1",
      "resolved": "https://registry.npmjs.org/@tauri-apps/cli-linux-arm-gnueabihf/-/cli-linux-arm-gnueabihf-2.4.1.tgz",
      "integrity": "sha512-9tDijkRB+CchAGjXxYdY9l/XzFpLp1yihUtGXJz9eh+3qIoRI043n3e+6xmU8ZURr7XPnu+R4sCmXs6HD+NCEQ==",
      "dev": true,
      "optional": true
    },
    "@tauri-apps/cli-linux-arm64-gnu": {
      "version": "2.4.1",
      "resolved": "https://registry.npmjs.org/@tauri-apps/cli-linux-arm64-gnu/-/cli-linux-arm64-gnu-2.4.1.tgz",
      "integrity": "sha512-pnFGDEXBAzS4iDYAVxTRhAzNu3K2XPGflYyBc0czfHDBXopqRgMyj5Q9Wj7HAwv6cM8BqzXINxnb2ZJFGmbSgA==",
      "dev": true,
      "optional": true
    },
    "@tauri-apps/cli-linux-arm64-musl": {
      "version": "2.4.1",
      "resolved": "https://registry.npmjs.org/@tauri-apps/cli-linux-arm64-musl/-/cli-linux-arm64-musl-2.4.1.tgz",
      "integrity": "sha512-Hp0zXgeZNKmT+eoJSCxSBUm2QndNuRxR55tmIeNm3vbyUMJN/49uW7nurZ5fBPsacN4Pzwlx1dIMK+Gnr9A69w==",
      "dev": true,
      "optional": true
    },
    "@tauri-apps/cli-linux-riscv64-gnu": {
      "version": "2.4.1",
      "resolved": "https://registry.npmjs.org/@tauri-apps/cli-linux-riscv64-gnu/-/cli-linux-riscv64-gnu-2.4.1.tgz",
      "integrity": "sha512-3T3bo2E4fdYRvzcXheWUeQOVB+LunEEi92iPRgOyuSVexVE4cmHYl+MPJF+EUV28Et0hIVTsHibmDO0/04lAFg==",
      "dev": true,
      "optional": true
    },
    "@tauri-apps/cli-linux-x64-gnu": {
      "version": "2.4.1",
      "resolved": "https://registry.npmjs.org/@tauri-apps/cli-linux-x64-gnu/-/cli-linux-x64-gnu-2.4.1.tgz",
      "integrity": "sha512-kLN0FdNONO+2i+OpU9+mm6oTGufRC00e197TtwjpC0N6K2K8130w7Q3FeODIM2CMyg0ov3tH+QWqKW7GNhHFzg==",
      "dev": true,
      "optional": true
    },
    "@tauri-apps/cli-linux-x64-musl": {
      "version": "2.4.1",
      "resolved": "https://registry.npmjs.org/@tauri-apps/cli-linux-x64-musl/-/cli-linux-x64-musl-2.4.1.tgz",
      "integrity": "sha512-a8exvA5Ub9eg66a6hsMQKJIkf63QAf9OdiuFKOsEnKZkNN2x0NLgfvEcqdw88VY0UMs9dBoZ1AGbWMeYnLrLwQ==",
      "dev": true,
      "optional": true
    },
    "@tauri-apps/cli-win32-arm64-msvc": {
      "version": "2.4.1",
      "resolved": "https://registry.npmjs.org/@tauri-apps/cli-win32-arm64-msvc/-/cli-win32-arm64-msvc-2.4.1.tgz",
      "integrity": "sha512-4JFrslsMCJQG1c573T9uqQSAbF3j/tMKkMWzsIssv8jvPiP++OG61A2/F+y9te9/Q/O95cKhDK63kaiO5xQaeg==",
      "dev": true,
      "optional": true
    },
    "@tauri-apps/cli-win32-ia32-msvc": {
      "version": "2.4.1",
      "resolved": "https://registry.npmjs.org/@tauri-apps/cli-win32-ia32-msvc/-/cli-win32-ia32-msvc-2.4.1.tgz",
      "integrity": "sha512-9eXfFORehYSCRwxg2KodfmX/mhr50CI7wyBYGbPLePCjr5z0jK/9IyW6r0tC+ZVjwpX48dkk7hKiUgI25jHjzA==",
      "dev": true,
      "optional": true
    },
    "@tauri-apps/cli-win32-x64-msvc": {
      "version": "2.4.1",
      "resolved": "https://registry.npmjs.org/@tauri-apps/cli-win32-x64-msvc/-/cli-win32-x64-msvc-2.4.1.tgz",
      "integrity": "sha512-60a4Ov7Jrwqz2hzDltlS7301dhSAmM9dxo+IRBD3xz7yobKrgaHXYpWvnRomYItHcDd51VaKc9292H8/eE/gsw==",
      "dev": true,
      "optional": true
    }
  }
}
