{
  "name": "TauriApp",
  "lockfileVersion": 2,
  "requires": true,
  "packages": {
    "": {
      "devDependencies": {
        "@tauri-apps/cli": "^2.0.0-rc.15"
      }
    },
    "node_modules/@tauri-apps/cli": {
      "version": "2.0.0-rc.15",
      "resolved": "https://registry.npmjs.org/@tauri-apps/cli/-/cli-2.0.0-rc.15.tgz",
      "integrity": "sha512-w5cq2WBKYRJDCE5wi5gyjM79Cq3AchTFImbcGBB+uyB/m3PDBXEidaTBTHqwiup2hKbMivuBAzGUCHt+OfgBhA==",
      "dev": true,
      "bin": {
        "tauri": "tauri.js"
      },
      "engines": {
        "node": ">= 10"
      },
      "funding": {
        "type": "opencollective",
        "url": "https://opencollective.com/tauri"
      },
      "optionalDependencies": {
        "@tauri-apps/cli-darwin-arm64": "2.0.0-rc.15",
        "@tauri-apps/cli-darwin-x64": "2.0.0-rc.15",
        "@tauri-apps/cli-linux-arm-gnueabihf": "2.0.0-rc.15",
        "@tauri-apps/cli-linux-arm64-gnu": "2.0.0-rc.15",
        "@tauri-apps/cli-linux-arm64-musl": "2.0.0-rc.15",
        "@tauri-apps/cli-linux-x64-gnu": "2.0.0-rc.15",
        "@tauri-apps/cli-linux-x64-musl": "2.0.0-rc.15",
        "@tauri-apps/cli-win32-arm64-msvc": "2.0.0-rc.15",
        "@tauri-apps/cli-win32-ia32-msvc": "2.0.0-rc.15",
        "@tauri-apps/cli-win32-x64-msvc": "2.0.0-rc.15"
      }
    },
    "node_modules/@tauri-apps/cli-darwin-arm64": {
      "version": "2.0.0-rc.15",
      "resolved": "https://registry.npmjs.org/@tauri-apps/cli-darwin-arm64/-/cli-darwin-arm64-2.0.0-rc.15.tgz",
      "integrity": "sha512-WuzQRELJTeSHe/uLu6IClCCEkwQy4qtZdHUmcAW3baKD217WCytn4jQ5+NFs2GxhK1a2GLHMQtQZSFTLkKiXkw==",
      "cpu": [
        "arm64"
      ],
      "dev": true,
      "optional": true,
      "os": [
        "darwin"
      ],
      "engines": {
        "node": ">= 10"
      }
    },
    "node_modules/@tauri-apps/cli-darwin-x64": {
      "version": "2.0.0-rc.15",
      "resolved": "https://registry.npmjs.org/@tauri-apps/cli-darwin-x64/-/cli-darwin-x64-2.0.0-rc.15.tgz",
      "integrity": "sha512-71H1dNWlEr+Hyi096Ir3SnlClw4CSR4MhJ8UG8IUBqYwydJPYFzA+GFWRAgnPgcV6sBzdt8trcV9BLV4teDzEw==",
      "cpu": [
        "x64"
      ],
      "dev": true,
      "optional": true,
      "os": [
        "darwin"
      ],
      "engines": {
        "node": ">= 10"
      }
    },
    "node_modules/@tauri-apps/cli-linux-arm-gnueabihf": {
      "version": "2.0.0-rc.15",
      "resolved": "https://registry.npmjs.org/@tauri-apps/cli-linux-arm-gnueabihf/-/cli-linux-arm-gnueabihf-2.0.0-rc.15.tgz",
      "integrity": "sha512-hO7AS09l6XZRCu/vqvB/iv6CvIlD//h9njhyw++0tJPCNH3X4rl13ji6SnoO0V6ZUCEeCeQBTAALsanYAlZelQ==",
      "cpu": [
        "arm"
      ],
      "dev": true,
      "optional": true,
      "os": [
        "linux"
      ],
      "engines": {
        "node": ">= 10"
      }
    },
    "node_modules/@tauri-apps/cli-linux-arm64-gnu": {
      "version": "2.0.0-rc.15",
      "resolved": "https://registry.npmjs.org/@tauri-apps/cli-linux-arm64-gnu/-/cli-linux-arm64-gnu-2.0.0-rc.15.tgz",
      "integrity": "sha512-r9FrwY83TD4w3vX7J9zS3GPSeis0YWq52p/MVLYR1i8sSJppbvYY72EXi5pR2CZ3vb+6z9/w7LpYTv+hOd2RbA==",
      "cpu": [
        "arm64"
      ],
      "dev": true,
      "optional": true,
      "os": [
        "linux"
      ],
      "engines": {
        "node": ">= 10"
      }
    },
    "node_modules/@tauri-apps/cli-linux-arm64-musl": {
      "version": "2.0.0-rc.15",
      "resolved": "https://registry.npmjs.org/@tauri-apps/cli-linux-arm64-musl/-/cli-linux-arm64-musl-2.0.0-rc.15.tgz",
      "integrity": "sha512-PqMn3/GiqLAhs7p0jr5XqwWN1t7SAgvo6+bFuYNL/SWx1Ui6mOck3ncfDkf+dQAnXnrhX2Qfwkl3agiOZxUZtA==",
      "cpu": [
        "arm64"
      ],
      "dev": true,
      "optional": true,
      "os": [
        "linux"
      ],
      "engines": {
        "node": ">= 10"
      }
    },
    "node_modules/@tauri-apps/cli-linux-x64-gnu": {
      "version": "2.0.0-rc.15",
      "resolved": "https://registry.npmjs.org/@tauri-apps/cli-linux-x64-gnu/-/cli-linux-x64-gnu-2.0.0-rc.15.tgz",
      "integrity": "sha512-o8lvgVBGXwthMV8+8EzEwXQY5jk2q+c700xeC/LY+J0lBL5ai3i0revlhO+3RwKnjnRLZMCXatr5K3gGtXIsoQ==",
      "cpu": [
        "x64"
      ],
      "dev": true,
      "optional": true,
      "os": [
        "linux"
      ],
      "engines": {
        "node": ">= 10"
      }
    },
    "node_modules/@tauri-apps/cli-linux-x64-musl": {
      "version": "2.0.0-rc.15",
      "resolved": "https://registry.npmjs.org/@tauri-apps/cli-linux-x64-musl/-/cli-linux-x64-musl-2.0.0-rc.15.tgz",
      "integrity": "sha512-cmANCyhcdInZSfIM3CPjA0eDu1toYABapSttA1rHbNrcJrHIq2KPKRCNuXIjWiBggxfIhJKWX7mTgQCQIyHd/w==",
      "cpu": [
        "x64"
      ],
      "dev": true,
      "optional": true,
      "os": [
        "linux"
      ],
      "engines": {
        "node": ">= 10"
      }
    },
    "node_modules/@tauri-apps/cli-win32-arm64-msvc": {
      "version": "2.0.0-rc.15",
      "resolved": "https://registry.npmjs.org/@tauri-apps/cli-win32-arm64-msvc/-/cli-win32-arm64-msvc-2.0.0-rc.15.tgz",
      "integrity": "sha512-FyWwCQb+uCCBtEDTDKtILH3wv0TWCQ2mXwMyZlibpbZ4RbaV5yDY82h8h7usfEuPHtBtAJHknHvX5WV1ETl5kw==",
      "cpu": [
        "arm64"
      ],
      "dev": true,
      "optional": true,
      "os": [
        "win32"
      ],
      "engines": {
        "node": ">= 10"
      }
    },
    "node_modules/@tauri-apps/cli-win32-ia32-msvc": {
      "version": "2.0.0-rc.15",
      "resolved": "https://registry.npmjs.org/@tauri-apps/cli-win32-ia32-msvc/-/cli-win32-ia32-msvc-2.0.0-rc.15.tgz",
      "integrity": "sha512-+bOBX7EdpmkCSBxgd9HcC/p9LoG/q1a5dJebWFuL9GhmdPeb5hv4plB/OTUAtg1OnEVGPXhTiSkcdRatZVryfA==",
      "cpu": [
        "ia32"
      ],
      "dev": true,
      "optional": true,
      "os": [
        "win32"
      ],
      "engines": {
        "node": ">= 10"
      }
    },
    "node_modules/@tauri-apps/cli-win32-x64-msvc": {
      "version": "2.0.0-rc.15",
      "resolved": "https://registry.npmjs.org/@tauri-apps/cli-win32-x64-msvc/-/cli-win32-x64-msvc-2.0.0-rc.15.tgz",
      "integrity": "sha512-Phpk18bs1YxC+OFYaZNWiddYRmiZvMjB9Rzjl6M128gIkgnqDGnZyfWtM5GZ85/BmX1HVGgILK/46RU6Q88z1g==",
      "cpu": [
        "x64"
      ],
      "dev": true,
      "optional": true,
      "os": [
        "win32"
      ],
      "engines": {
        "node": ">= 10"
      }
    }
  },
  "dependencies": {
    "@tauri-apps/cli": {
      "version": "2.0.0-rc.15",
      "resolved": "https://registry.npmjs.org/@tauri-apps/cli/-/cli-2.0.0-rc.15.tgz",
      "integrity": "sha512-w5cq2WBKYRJDCE5wi5gyjM79Cq3AchTFImbcGBB+uyB/m3PDBXEidaTBTHqwiup2hKbMivuBAzGUCHt+OfgBhA==",
      "dev": true,
      "requires": {
        "@tauri-apps/cli-darwin-arm64": "2.0.0-rc.15",
        "@tauri-apps/cli-darwin-x64": "2.0.0-rc.15",
        "@tauri-apps/cli-linux-arm-gnueabihf": "2.0.0-rc.15",
        "@tauri-apps/cli-linux-arm64-gnu": "2.0.0-rc.15",
        "@tauri-apps/cli-linux-arm64-musl": "2.0.0-rc.15",
        "@tauri-apps/cli-linux-x64-gnu": "2.0.0-rc.15",
        "@tauri-apps/cli-linux-x64-musl": "2.0.0-rc.15",
        "@tauri-apps/cli-win32-arm64-msvc": "2.0.0-rc.15",
        "@tauri-apps/cli-win32-ia32-msvc": "2.0.0-rc.15",
        "@tauri-apps/cli-win32-x64-msvc": "2.0.0-rc.15"
      }
    },
    "@tauri-apps/cli-darwin-arm64": {
      "version": "2.0.0-rc.15",
      "resolved": "https://registry.npmjs.org/@tauri-apps/cli-darwin-arm64/-/cli-darwin-arm64-2.0.0-rc.15.tgz",
      "integrity": "sha512-WuzQRELJTeSHe/uLu6IClCCEkwQy4qtZdHUmcAW3baKD217WCytn4jQ5+NFs2GxhK1a2GLHMQtQZSFTLkKiXkw==",
      "dev": true,
      "optional": true
    },
    "@tauri-apps/cli-darwin-x64": {
      "version": "2.0.0-rc.15",
      "resolved": "https://registry.npmjs.org/@tauri-apps/cli-darwin-x64/-/cli-darwin-x64-2.0.0-rc.15.tgz",
      "integrity": "sha512-71H1dNWlEr+Hyi096Ir3SnlClw4CSR4MhJ8UG8IUBqYwydJPYFzA+GFWRAgnPgcV6sBzdt8trcV9BLV4teDzEw==",
      "dev": true,
      "optional": true
    },
    "@tauri-apps/cli-linux-arm-gnueabihf": {
      "version": "2.0.0-rc.15",
      "resolved": "https://registry.npmjs.org/@tauri-apps/cli-linux-arm-gnueabihf/-/cli-linux-arm-gnueabihf-2.0.0-rc.15.tgz",
      "integrity": "sha512-hO7AS09l6XZRCu/vqvB/iv6CvIlD//h9njhyw++0tJPCNH3X4rl13ji6SnoO0V6ZUCEeCeQBTAALsanYAlZelQ==",
      "dev": true,
      "optional": true
    },
    "@tauri-apps/cli-linux-arm64-gnu": {
      "version": "2.0.0-rc.15",
      "resolved": "https://registry.npmjs.org/@tauri-apps/cli-linux-arm64-gnu/-/cli-linux-arm64-gnu-2.0.0-rc.15.tgz",
      "integrity": "sha512-r9FrwY83TD4w3vX7J9zS3GPSeis0YWq52p/MVLYR1i8sSJppbvYY72EXi5pR2CZ3vb+6z9/w7LpYTv+hOd2RbA==",
      "dev": true,
      "optional": true
    },
    "@tauri-apps/cli-linux-arm64-musl": {
      "version": "2.0.0-rc.15",
      "resolved": "https://registry.npmjs.org/@tauri-apps/cli-linux-arm64-musl/-/cli-linux-arm64-musl-2.0.0-rc.15.tgz",
      "integrity": "sha512-PqMn3/GiqLAhs7p0jr5XqwWN1t7SAgvo6+bFuYNL/SWx1Ui6mOck3ncfDkf+dQAnXnrhX2Qfwkl3agiOZxUZtA==",
      "dev": true,
      "optional": true
    },
    "@tauri-apps/cli-linux-x64-gnu": {
      "version": "2.0.0-rc.15",
      "resolved": "https://registry.npmjs.org/@tauri-apps/cli-linux-x64-gnu/-/cli-linux-x64-gnu-2.0.0-rc.15.tgz",
      "integrity": "sha512-o8lvgVBGXwthMV8+8EzEwXQY5jk2q+c700xeC/LY+J0lBL5ai3i0revlhO+3RwKnjnRLZMCXatr5K3gGtXIsoQ==",
      "dev": true,
      "optional": true
    },
    "@tauri-apps/cli-linux-x64-musl": {
      "version": "2.0.0-rc.15",
      "resolved": "https://registry.npmjs.org/@tauri-apps/cli-linux-x64-musl/-/cli-linux-x64-musl-2.0.0-rc.15.tgz",
      "integrity": "sha512-cmANCyhcdInZSfIM3CPjA0eDu1toYABapSttA1rHbNrcJrHIq2KPKRCNuXIjWiBggxfIhJKWX7mTgQCQIyHd/w==",
      "dev": true,
      "optional": true
    },
    "@tauri-apps/cli-win32-arm64-msvc": {
      "version": "2.0.0-rc.15",
      "resolved": "https://registry.npmjs.org/@tauri-apps/cli-win32-arm64-msvc/-/cli-win32-arm64-msvc-2.0.0-rc.15.tgz",
      "integrity": "sha512-FyWwCQb+uCCBtEDTDKtILH3wv0TWCQ2mXwMyZlibpbZ4RbaV5yDY82h8h7usfEuPHtBtAJHknHvX5WV1ETl5kw==",
      "dev": true,
      "optional": true
    },
    "@tauri-apps/cli-win32-ia32-msvc": {
      "version": "2.0.0-rc.15",
      "resolved": "https://registry.npmjs.org/@tauri-apps/cli-win32-ia32-msvc/-/cli-win32-ia32-msvc-2.0.0-rc.15.tgz",
      "integrity": "sha512-+bOBX7EdpmkCSBxgd9HcC/p9LoG/q1a5dJebWFuL9GhmdPeb5hv4plB/OTUAtg1OnEVGPXhTiSkcdRatZVryfA==",
      "dev": true,
      "optional": true
    },
    "@tauri-apps/cli-win32-x64-msvc": {
      "version": "2.0.0-rc.15",
      "resolved": "https://registry.npmjs.org/@tauri-apps/cli-win32-x64-msvc/-/cli-win32-x64-msvc-2.0.0-rc.15.tgz",
      "integrity": "sha512-Phpk18bs1YxC+OFYaZNWiddYRmiZvMjB9Rzjl6M128gIkgnqDGnZyfWtM5GZ85/BmX1HVGgILK/46RU6Q88z1g==",
      "dev": true,
      "optional": true
    }
  }
}
