{
  "name": "TauriApp",
  "lockfileVersion": 2,
  "requires": true,
  "packages": {
    "": {
      "devDependencies": {
        "@tauri-apps/cli": "^2.0.0-rc.17"
      }
    },
    "node_modules/@tauri-apps/cli": {
      "version": "2.0.0-rc.17",
      "resolved": "https://registry.npmjs.org/@tauri-apps/cli/-/cli-2.0.0-rc.17.tgz",
      "integrity": "sha512-7YQljT+izYmhLqsI5G2xg3AHBPx3gAHc+gB/s+NKqdSL4CuGImLiii8Rw/qBtuJpWFWLJiaGXnpra35zrSlknQ==",
      "dev": true,
      "license": "Apache-2.0 OR MIT",
      "bin": {
        "tauri": "tauri.js"
      },
      "engines": {
        "node": ">= 10"
      },
      "funding": {
        "type": "opencollective",
        "url": "https://opencollective.com/tauri"
      },
      "optionalDependencies": {
        "@tauri-apps/cli-darwin-arm64": "2.0.0-rc.17",
        "@tauri-apps/cli-darwin-x64": "2.0.0-rc.17",
        "@tauri-apps/cli-linux-arm-gnueabihf": "2.0.0-rc.17",
        "@tauri-apps/cli-linux-arm64-gnu": "2.0.0-rc.17",
        "@tauri-apps/cli-linux-arm64-musl": "2.0.0-rc.17",
        "@tauri-apps/cli-linux-x64-gnu": "2.0.0-rc.17",
        "@tauri-apps/cli-linux-x64-musl": "2.0.0-rc.17",
        "@tauri-apps/cli-win32-arm64-msvc": "2.0.0-rc.17",
        "@tauri-apps/cli-win32-ia32-msvc": "2.0.0-rc.17",
        "@tauri-apps/cli-win32-x64-msvc": "2.0.0-rc.17"
      }
    },
    "node_modules/@tauri-apps/cli-darwin-arm64": {
      "version": "2.0.0-rc.17",
      "resolved": "https://registry.npmjs.org/@tauri-apps/cli-darwin-arm64/-/cli-darwin-arm64-2.0.0-rc.17.tgz",
      "integrity": "sha512-LXlLpavNfhvELPBcjCzQ9DOLx7rlAzZM4iltsaKawAewx30Q0EpIjK53Sg5AR3p5/KzNfCsTMjjpeUZg1AcFgw==",
      "cpu": [
        "arm64"
      ],
      "dev": true,
      "license": "Apache-2.0 OR MIT",
      "optional": true,
      "os": [
        "darwin"
      ],
      "engines": {
        "node": ">= 10"
      }
    },
    "node_modules/@tauri-apps/cli-darwin-x64": {
      "version": "2.0.0-rc.17",
      "resolved": "https://registry.npmjs.org/@tauri-apps/cli-darwin-x64/-/cli-darwin-x64-2.0.0-rc.17.tgz",
      "integrity": "sha512-86jlpD9DQEMdPCu+foqady2Kov3u151Pgs1uOdA3SQxXph4L31T7j26axIhADLYZH6T1be+lSVPm6+fp0iXGgw==",
      "cpu": [
        "x64"
      ],
      "dev": true,
      "license": "Apache-2.0 OR MIT",
      "optional": true,
      "os": [
        "darwin"
      ],
      "engines": {
        "node": ">= 10"
      }
    },
    "node_modules/@tauri-apps/cli-linux-arm-gnueabihf": {
      "version": "2.0.0-rc.17",
      "resolved": "https://registry.npmjs.org/@tauri-apps/cli-linux-arm-gnueabihf/-/cli-linux-arm-gnueabihf-2.0.0-rc.17.tgz",
      "integrity": "sha512-ZFZeVBFdM9ogNebqzU3vo6f662YwmnE5XzeT6UEKUy+df49Fw2Npebmg0t/BPoF9e/nEgK1w1Jy68aK2JISscg==",
      "cpu": [
        "arm"
      ],
      "dev": true,
      "license": "Apache-2.0 OR MIT",
      "optional": true,
      "os": [
        "linux"
      ],
      "engines": {
        "node": ">= 10"
      }
    },
    "node_modules/@tauri-apps/cli-linux-arm64-gnu": {
      "version": "2.0.0-rc.17",
      "resolved": "https://registry.npmjs.org/@tauri-apps/cli-linux-arm64-gnu/-/cli-linux-arm64-gnu-2.0.0-rc.17.tgz",
      "integrity": "sha512-GvO7BNJL6y8CumvaidJ+cEXn0KRaCzhmwtrMfTEl9jsqhGYvmNXuOlZR41hgoy6CQtUiu11ZGoBtU37/lxEKaQ==",
      "cpu": [
        "arm64"
      ],
      "dev": true,
      "license": "Apache-2.0 OR MIT",
      "optional": true,
      "os": [
        "linux"
      ],
      "engines": {
        "node": ">= 10"
      }
    },
    "node_modules/@tauri-apps/cli-linux-arm64-musl": {
      "version": "2.0.0-rc.17",
      "resolved": "https://registry.npmjs.org/@tauri-apps/cli-linux-arm64-musl/-/cli-linux-arm64-musl-2.0.0-rc.17.tgz",
      "integrity": "sha512-DypDS3rJjcKzpgZKqHsCrzVGDbjo17XcYNhAYd2VxvXmGVAq05eZ71jLYHSSofXTxbpLZMcGKaino0jKyX1mOA==",
      "cpu": [
        "arm64"
      ],
      "dev": true,
      "license": "Apache-2.0 OR MIT",
      "optional": true,
      "os": [
        "linux"
      ],
      "engines": {
        "node": ">= 10"
      }
    },
    "node_modules/@tauri-apps/cli-linux-x64-gnu": {
      "version": "2.0.0-rc.17",
      "resolved": "https://registry.npmjs.org/@tauri-apps/cli-linux-x64-gnu/-/cli-linux-x64-gnu-2.0.0-rc.17.tgz",
      "integrity": "sha512-nKCAJtC4b9HnVpDsCVXASPEXOEIZb/HFmdRPuKiYXmpziL5OByCJLjhVx5EFhpVtqAg1isCmOutqKc8Nmw1QQQ==",
      "cpu": [
        "x64"
      ],
      "dev": true,
      "license": "Apache-2.0 OR MIT",
      "optional": true,
      "os": [
        "linux"
      ],
      "engines": {
        "node": ">= 10"
      }
    },
    "node_modules/@tauri-apps/cli-linux-x64-musl": {
      "version": "2.0.0-rc.17",
      "resolved": "https://registry.npmjs.org/@tauri-apps/cli-linux-x64-musl/-/cli-linux-x64-musl-2.0.0-rc.17.tgz",
      "integrity": "sha512-cSi3M/hcNo+NubSKJG96Af6o6cL38RCvP0ImFiyIOU/adYmW0bQGWI4u/eL14IpdNCR1pbifgEcQL6dteyod0g==",
      "cpu": [
        "x64"
      ],
      "dev": true,
      "license": "Apache-2.0 OR MIT",
      "optional": true,
      "os": [
        "linux"
      ],
      "engines": {
        "node": ">= 10"
      }
    },
    "node_modules/@tauri-apps/cli-win32-arm64-msvc": {
      "version": "2.0.0-rc.17",
      "resolved": "https://registry.npmjs.org/@tauri-apps/cli-win32-arm64-msvc/-/cli-win32-arm64-msvc-2.0.0-rc.17.tgz",
      "integrity": "sha512-hMtNtm2zXvUwzzTEJIf/GQplWHNLEeAjiLGaX9sS2Me96X/OzU1PUXcWTYdjVA102cf6q//0/pgpPo/Yn480KA==",
      "cpu": [
        "arm64"
      ],
      "dev": true,
      "license": "Apache-2.0 OR MIT",
      "optional": true,
      "os": [
        "win32"
      ],
      "engines": {
        "node": ">= 10"
      }
    },
    "node_modules/@tauri-apps/cli-win32-ia32-msvc": {
      "version": "2.0.0-rc.17",
      "resolved": "https://registry.npmjs.org/@tauri-apps/cli-win32-ia32-msvc/-/cli-win32-ia32-msvc-2.0.0-rc.17.tgz",
      "integrity": "sha512-XO+zgvYvpz65aYbXMyFhej4Td5sEK7bSLPr2+8BigiI7F4tHaS7KJpYVtJtjHQtAo6KBy/bT8P9VW6xM4G+YVA==",
      "cpu": [
        "ia32"
      ],
      "dev": true,
      "license": "Apache-2.0 OR MIT",
      "optional": true,
      "os": [
        "win32"
      ],
      "engines": {
        "node": ">= 10"
      }
    },
    "node_modules/@tauri-apps/cli-win32-x64-msvc": {
      "version": "2.0.0-rc.17",
      "resolved": "https://registry.npmjs.org/@tauri-apps/cli-win32-x64-msvc/-/cli-win32-x64-msvc-2.0.0-rc.17.tgz",
      "integrity": "sha512-sVV0o9careFJuL3fTtkp6ed8X4FGGfMyK1WbXR5ci4Z2dn94wIJuefzTnGaQnvur4PaEJQ9WmTlQ2Pe3UrokBQ==",
      "cpu": [
        "x64"
      ],
      "dev": true,
      "license": "Apache-2.0 OR MIT",
      "optional": true,
      "os": [
        "win32"
      ],
      "engines": {
        "node": ">= 10"
      }
    }
  },
  "dependencies": {
    "@tauri-apps/cli": {
      "version": "2.0.0-rc.17",
      "resolved": "https://registry.npmjs.org/@tauri-apps/cli/-/cli-2.0.0-rc.17.tgz",
      "integrity": "sha512-7YQljT+izYmhLqsI5G2xg3AHBPx3gAHc+gB/s+NKqdSL4CuGImLiii8Rw/qBtuJpWFWLJiaGXnpra35zrSlknQ==",
      "dev": true,
      "requires": {
        "@tauri-apps/cli-darwin-arm64": "2.0.0-rc.17",
        "@tauri-apps/cli-darwin-x64": "2.0.0-rc.17",
        "@tauri-apps/cli-linux-arm-gnueabihf": "2.0.0-rc.17",
        "@tauri-apps/cli-linux-arm64-gnu": "2.0.0-rc.17",
        "@tauri-apps/cli-linux-arm64-musl": "2.0.0-rc.17",
        "@tauri-apps/cli-linux-x64-gnu": "2.0.0-rc.17",
        "@tauri-apps/cli-linux-x64-musl": "2.0.0-rc.17",
        "@tauri-apps/cli-win32-arm64-msvc": "2.0.0-rc.17",
        "@tauri-apps/cli-win32-ia32-msvc": "2.0.0-rc.17",
        "@tauri-apps/cli-win32-x64-msvc": "2.0.0-rc.17"
      }
    },
    "@tauri-apps/cli-darwin-arm64": {
      "version": "2.0.0-rc.17",
      "resolved": "https://registry.npmjs.org/@tauri-apps/cli-darwin-arm64/-/cli-darwin-arm64-2.0.0-rc.17.tgz",
      "integrity": "sha512-LXlLpavNfhvELPBcjCzQ9DOLx7rlAzZM4iltsaKawAewx30Q0EpIjK53Sg5AR3p5/KzNfCsTMjjpeUZg1AcFgw==",
      "dev": true,
      "optional": true
    },
    "@tauri-apps/cli-darwin-x64": {
      "version": "2.0.0-rc.17",
      "resolved": "https://registry.npmjs.org/@tauri-apps/cli-darwin-x64/-/cli-darwin-x64-2.0.0-rc.17.tgz",
      "integrity": "sha512-86jlpD9DQEMdPCu+foqady2Kov3u151Pgs1uOdA3SQxXph4L31T7j26axIhADLYZH6T1be+lSVPm6+fp0iXGgw==",
      "dev": true,
      "optional": true
    },
    "@tauri-apps/cli-linux-arm-gnueabihf": {
      "version": "2.0.0-rc.17",
      "resolved": "https://registry.npmjs.org/@tauri-apps/cli-linux-arm-gnueabihf/-/cli-linux-arm-gnueabihf-2.0.0-rc.17.tgz",
      "integrity": "sha512-ZFZeVBFdM9ogNebqzU3vo6f662YwmnE5XzeT6UEKUy+df49Fw2Npebmg0t/BPoF9e/nEgK1w1Jy68aK2JISscg==",
      "dev": true,
      "optional": true
    },
    "@tauri-apps/cli-linux-arm64-gnu": {
      "version": "2.0.0-rc.17",
      "resolved": "https://registry.npmjs.org/@tauri-apps/cli-linux-arm64-gnu/-/cli-linux-arm64-gnu-2.0.0-rc.17.tgz",
      "integrity": "sha512-GvO7BNJL6y8CumvaidJ+cEXn0KRaCzhmwtrMfTEl9jsqhGYvmNXuOlZR41hgoy6CQtUiu11ZGoBtU37/lxEKaQ==",
      "dev": true,
      "optional": true
    },
    "@tauri-apps/cli-linux-arm64-musl": {
      "version": "2.0.0-rc.17",
      "resolved": "https://registry.npmjs.org/@tauri-apps/cli-linux-arm64-musl/-/cli-linux-arm64-musl-2.0.0-rc.17.tgz",
      "integrity": "sha512-DypDS3rJjcKzpgZKqHsCrzVGDbjo17XcYNhAYd2VxvXmGVAq05eZ71jLYHSSofXTxbpLZMcGKaino0jKyX1mOA==",
      "dev": true,
      "optional": true
    },
    "@tauri-apps/cli-linux-x64-gnu": {
      "version": "2.0.0-rc.17",
      "resolved": "https://registry.npmjs.org/@tauri-apps/cli-linux-x64-gnu/-/cli-linux-x64-gnu-2.0.0-rc.17.tgz",
      "integrity": "sha512-nKCAJtC4b9HnVpDsCVXASPEXOEIZb/HFmdRPuKiYXmpziL5OByCJLjhVx5EFhpVtqAg1isCmOutqKc8Nmw1QQQ==",
      "dev": true,
      "optional": true
    },
    "@tauri-apps/cli-linux-x64-musl": {
      "version": "2.0.0-rc.17",
      "resolved": "https://registry.npmjs.org/@tauri-apps/cli-linux-x64-musl/-/cli-linux-x64-musl-2.0.0-rc.17.tgz",
      "integrity": "sha512-cSi3M/hcNo+NubSKJG96Af6o6cL38RCvP0ImFiyIOU/adYmW0bQGWI4u/eL14IpdNCR1pbifgEcQL6dteyod0g==",
      "dev": true,
      "optional": true
    },
    "@tauri-apps/cli-win32-arm64-msvc": {
      "version": "2.0.0-rc.17",
      "resolved": "https://registry.npmjs.org/@tauri-apps/cli-win32-arm64-msvc/-/cli-win32-arm64-msvc-2.0.0-rc.17.tgz",
      "integrity": "sha512-hMtNtm2zXvUwzzTEJIf/GQplWHNLEeAjiLGaX9sS2Me96X/OzU1PUXcWTYdjVA102cf6q//0/pgpPo/Yn480KA==",
      "dev": true,
      "optional": true
    },
    "@tauri-apps/cli-win32-ia32-msvc": {
      "version": "2.0.0-rc.17",
      "resolved": "https://registry.npmjs.org/@tauri-apps/cli-win32-ia32-msvc/-/cli-win32-ia32-msvc-2.0.0-rc.17.tgz",
      "integrity": "sha512-XO+zgvYvpz65aYbXMyFhej4Td5sEK7bSLPr2+8BigiI7F4tHaS7KJpYVtJtjHQtAo6KBy/bT8P9VW6xM4G+YVA==",
      "dev": true,
      "optional": true
    },
    "@tauri-apps/cli-win32-x64-msvc": {
      "version": "2.0.0-rc.17",
      "resolved": "https://registry.npmjs.org/@tauri-apps/cli-win32-x64-msvc/-/cli-win32-x64-msvc-2.0.0-rc.17.tgz",
      "integrity": "sha512-sVV0o9careFJuL3fTtkp6ed8X4FGGfMyK1WbXR5ci4Z2dn94wIJuefzTnGaQnvur4PaEJQ9WmTlQ2Pe3UrokBQ==",
      "dev": true,
      "optional": true
    }
  }
}
