
Microsoft Visual Studio Solution File, Format Version 12.00
Project("{FAE04EC0-301F-11D3-BF4B-00C04F79EFBC}") = "NetPad.Domain", "Core\NetPad.Domain\NetPad.Domain.csproj", "{F297CA80-61A8-4EB2-AAAD-15AE3BA86675}"
EndProject
Project("{2150E333-8FDC-42A3-9474-1A3956D46DE8}") = "Tests", "Tests", "{6DD496D9-D5F3-4985-854C-165CD1B2691E}"
EndProject
Project("{2150E333-8FDC-42A3-9474-1A3956D46DE8}") = "Core", "Core", "{69D2D0EE-EE9A-49C5-8739-87AE0CB5D2A7}"
EndProject
Project("{2150E333-8FDC-42A3-9474-1A3956D46DE8}") = "Apps", "Apps", "{7944C576-A700-41AE-8617-91FC05098F74}"
EndProject
Project("{2150E333-8FDC-42A3-9474-1A3956D46DE8}") = "Infrastructure", "Infrastructure", "{3F2AD2F0-FEFB-4633-991E-8DB22471EDE9}"
EndProject
Project("{FAE04EC0-301F-11D3-BF4B-00C04F79EFBC}") = "NetPad.Apps.App", "Apps\NetPad.Apps.App\NetPad.Apps.App.csproj", "{ECAAEF05-4BBB-4472-AFEF-7FC6C9A9206F}"
EndProject
Project("{FAE04EC0-301F-11D3-BF4B-00C04F79EFBC}") = "NetPad.Infrastructure", "Infrastructure\NetPad.Infrastructure\NetPad.Infrastructure.csproj", "{D4BB56F7-6EBF-4A14-80B9-52C1ACDCF40B}"
EndProject
Project("{FAE04EC0-301F-11D3-BF4B-00C04F79EFBC}") = "NetPad.Compilation", "Core\NetPad.Compilation\NetPad.Compilation.csproj", "{E45257E8-3A37-4DE1-986E-51AEA850D773}"
EndProject
Project("{2150E333-8FDC-42A3-9474-1A3956D46DE8}") = "Core", "Core", "{B71E3F38-D81F-4DE0-905B-DD4262DA8AA8}"
EndProject
Project("{FAE04EC0-301F-11D3-BF4B-00C04F79EFBC}") = "NetPad.Runtimes.Tests", "Tests\Core\NetPad.Runtimes.Tests\NetPad.Runtimes.Tests.csproj", "{C4CF7D59-80C7-47C4-AF2F-17B9DF9F822B}"
EndProject
Project("{FAE04EC0-301F-11D3-BF4B-00C04F79EFBC}") = "NetPad.Compilation.Tests", "Tests\Core\NetPad.Compilation.Tests\NetPad.Compilation.Tests.csproj", "{52324654-67CA-48C3-8C8B-E46523AE9113}"
EndProject
Project("{FAE04EC0-301F-11D3-BF4B-00C04F79EFBC}") = "NetPad.Domain.Tests", "Tests\Core\NetPad.Domain.Tests\NetPad.Domain.Tests.csproj", "{4782F96F-9369-4476-ABA7-9D962700B215}"
EndProject
Project("{FAE04EC0-301F-11D3-BF4B-00C04F79EFBC}") = "NetPad.Tests", "Tests\NetPad.Tests\NetPad.Tests.csproj", "{891D7115-D776-419F-987D-B0D19303FF06}"
EndProject
Project("{2150E333-8FDC-42A3-9474-1A3956D46DE8}") = "External", "External", "{9EB9B25D-55AA-4166-96E3-90A1048595E2}"
EndProject
Project("{FAE04EC0-301F-11D3-BF4B-00C04F79EFBC}") = "O2Html", "External\O2Html\O2Html.csproj", "{61ED2053-5B9B-4B96-B02F-44449D8E5D43}"
EndProject
Project("{FAE04EC0-301F-11D3-BF4B-00C04F79EFBC}") = "OmniSharp.NET", "External\OmniSharp.NET\OmniSharp.NET.csproj", "{7128B103-BE45-433A-B0E5-E9F8B924FC5F}"
EndProject
Project("{FAE04EC0-301F-11D3-BF4B-00C04F79EFBC}") = "NetPad.OmniSharpWrapper", "External\NetPad.OmniSharpWrapper\NetPad.OmniSharpWrapper.csproj", "{AA404B5A-BD39-4888-BAC6-FBE502E410D0}"
EndProject
Project("{FAE04EC0-301F-11D3-BF4B-00C04F79EFBC}") = "O2Html.Tests", "External\O2Html.Tests\O2Html.Tests.csproj", "{E561B57D-9B9D-41CB-AD11-6686715D7628}"
EndProject
Project("{FAE04EC0-301F-11D3-BF4B-00C04F79EFBC}") = "NetPad.Electron", "Infrastructure\NetPad.Electron\NetPad.Electron.csproj", "{A37E9174-33C0-4F85-AA1A-5C2FE3039875}"
EndProject
Project("{FAE04EC0-301F-11D3-BF4B-00C04F79EFBC}") = "NetPad.Application", "Core\NetPad.Application\NetPad.Application.csproj", "{FAAB8EF2-D8F0-4372-ACA7-EC2B94E50E10}"
EndProject
Project("{FAE04EC0-301F-11D3-BF4B-00C04F79EFBC}") = "NetPad.Web", "Infrastructure\NetPad.Web\NetPad.Web.csproj", "{DA7DC475-4311-4826-A023-532791E7B058}"
EndProject
Project("{2150E333-8FDC-42A3-9474-1A3956D46DE8}") = "ScriptRuntimes", "ScriptRuntimes", "{DC4184D2-D0E3-4888-8169-7C2BB8CD6BA1}"
EndProject
Project("{FAE04EC0-301F-11D3-BF4B-00C04F79EFBC}") = "NetPad.InMemoryScriptRuntime", "Infrastructure\ScriptRuntimes\NetPad.InMemoryScriptRuntime\NetPad.InMemoryScriptRuntime.csproj", "{9E53E081-A7E7-4FF4-A7BC-C60EECD86645}"
EndProject
Project("{FAE04EC0-301F-11D3-BF4B-00C04F79EFBC}") = "NetPad.ExternalProcessScriptRuntime", "Infrastructure\ScriptRuntimes\NetPad.ExternalProcessScriptRuntime\NetPad.ExternalProcessScriptRuntime.csproj", "{A930F257-B3CF-4E89-A9F2-C27C8F0C80AA}"
EndProject
Project("{FAE04EC0-301F-11D3-BF4B-00C04F79EFBC}") = "NetPad.Application.Tests", "Tests\Core\NetPad.Application.Tests\NetPad.Application.Tests.csproj", "{F6635FE9-B2AC-4E22-A5E9-93FEC3E10F34}"
EndProject
Project("{2150E333-8FDC-42A3-9474-1A3956D46DE8}") = "Solution Items", "Solution Items", "{CCE585FD-BC07-4E61-ABD9-42028D95C846}"
	ProjectSection(SolutionItems) = preProject
		..\.github\workflows\build.yml = ..\.github\workflows\build.yml
		..\README.md = ..\README.md
		..\docs\SPA App.md = ..\docs\SPA App.md
	EndProjectSection
EndProject
Project("{2150E333-8FDC-42A3-9474-1A3956D46DE8}") = "Plugins", "Plugins", "{4624BD9B-C1C8-42C4-9C62-CAACB1C68258}"
EndProject
Project("{FAE04EC0-301F-11D3-BF4B-00C04F79EFBC}") = "NetPad.Plugins.OmniSharp", "Plugins\NetPad.Plugins.OmniSharp\NetPad.Plugins.OmniSharp.csproj", "{DE8479FC-373E-4860-A2EA-25676D977534}"
EndProject
Global
	GlobalSection(SolutionConfigurationPlatforms) = preSolution
		Debug|Any CPU = Debug|Any CPU
		Release|Any CPU = Release|Any CPU
	EndGlobalSection
	GlobalSection(ProjectConfigurationPlatforms) = postSolution
		{F297CA80-61A8-4EB2-AAAD-15AE3BA86675}.Debug|Any CPU.ActiveCfg = Debug|Any CPU
		{F297CA80-61A8-4EB2-AAAD-15AE3BA86675}.Debug|Any CPU.Build.0 = Debug|Any CPU
		{F297CA80-61A8-4EB2-AAAD-15AE3BA86675}.Release|Any CPU.ActiveCfg = Release|Any CPU
		{F297CA80-61A8-4EB2-AAAD-15AE3BA86675}.Release|Any CPU.Build.0 = Release|Any CPU
		{ECAAEF05-4BBB-4472-AFEF-7FC6C9A9206F}.Debug|Any CPU.ActiveCfg = Debug|Any CPU
		{ECAAEF05-4BBB-4472-AFEF-7FC6C9A9206F}.Debug|Any CPU.Build.0 = Debug|Any CPU
		{ECAAEF05-4BBB-4472-AFEF-7FC6C9A9206F}.Release|Any CPU.ActiveCfg = Release|Any CPU
		{ECAAEF05-4BBB-4472-AFEF-7FC6C9A9206F}.Release|Any CPU.Build.0 = Release|Any CPU
		{D4BB56F7-6EBF-4A14-80B9-52C1ACDCF40B}.Debug|Any CPU.ActiveCfg = Debug|Any CPU
		{D4BB56F7-6EBF-4A14-80B9-52C1ACDCF40B}.Debug|Any CPU.Build.0 = Debug|Any CPU
		{D4BB56F7-6EBF-4A14-80B9-52C1ACDCF40B}.Release|Any CPU.ActiveCfg = Release|Any CPU
		{D4BB56F7-6EBF-4A14-80B9-52C1ACDCF40B}.Release|Any CPU.Build.0 = Release|Any CPU
		{E45257E8-3A37-4DE1-986E-51AEA850D773}.Debug|Any CPU.ActiveCfg = Debug|Any CPU
		{E45257E8-3A37-4DE1-986E-51AEA850D773}.Debug|Any CPU.Build.0 = Debug|Any CPU
		{E45257E8-3A37-4DE1-986E-51AEA850D773}.Release|Any CPU.ActiveCfg = Release|Any CPU
		{E45257E8-3A37-4DE1-986E-51AEA850D773}.Release|Any CPU.Build.0 = Release|Any CPU
		{C4CF7D59-80C7-47C4-AF2F-17B9DF9F822B}.Debug|Any CPU.ActiveCfg = Debug|Any CPU
		{C4CF7D59-80C7-47C4-AF2F-17B9DF9F822B}.Debug|Any CPU.Build.0 = Debug|Any CPU
		{C4CF7D59-80C7-47C4-AF2F-17B9DF9F822B}.Release|Any CPU.ActiveCfg = Release|Any CPU
		{C4CF7D59-80C7-47C4-AF2F-17B9DF9F822B}.Release|Any CPU.Build.0 = Release|Any CPU
		{52324654-67CA-48C3-8C8B-E46523AE9113}.Debug|Any CPU.ActiveCfg = Debug|Any CPU
		{52324654-67CA-48C3-8C8B-E46523AE9113}.Debug|Any CPU.Build.0 = Debug|Any CPU
		{52324654-67CA-48C3-8C8B-E46523AE9113}.Release|Any CPU.ActiveCfg = Release|Any CPU
		{52324654-67CA-48C3-8C8B-E46523AE9113}.Release|Any CPU.Build.0 = Release|Any CPU
		{4782F96F-9369-4476-ABA7-9D962700B215}.Debug|Any CPU.ActiveCfg = Debug|Any CPU
		{4782F96F-9369-4476-ABA7-9D962700B215}.Debug|Any CPU.Build.0 = Debug|Any CPU
		{4782F96F-9369-4476-ABA7-9D962700B215}.Release|Any CPU.ActiveCfg = Release|Any CPU
		{4782F96F-9369-4476-ABA7-9D962700B215}.Release|Any CPU.Build.0 = Release|Any CPU
		{891D7115-D776-419F-987D-B0D19303FF06}.Debug|Any CPU.ActiveCfg = Debug|Any CPU
		{891D7115-D776-419F-987D-B0D19303FF06}.Debug|Any CPU.Build.0 = Debug|Any CPU
		{891D7115-D776-419F-987D-B0D19303FF06}.Release|Any CPU.ActiveCfg = Release|Any CPU
		{891D7115-D776-419F-987D-B0D19303FF06}.Release|Any CPU.Build.0 = Release|Any CPU
		{61ED2053-5B9B-4B96-B02F-44449D8E5D43}.Debug|Any CPU.ActiveCfg = Debug|Any CPU
		{61ED2053-5B9B-4B96-B02F-44449D8E5D43}.Debug|Any CPU.Build.0 = Debug|Any CPU
		{61ED2053-5B9B-4B96-B02F-44449D8E5D43}.Release|Any CPU.ActiveCfg = Release|Any CPU
		{61ED2053-5B9B-4B96-B02F-44449D8E5D43}.Release|Any CPU.Build.0 = Release|Any CPU
		{7128B103-BE45-433A-B0E5-E9F8B924FC5F}.Debug|Any CPU.ActiveCfg = Debug|Any CPU
		{7128B103-BE45-433A-B0E5-E9F8B924FC5F}.Debug|Any CPU.Build.0 = Debug|Any CPU
		{7128B103-BE45-433A-B0E5-E9F8B924FC5F}.Release|Any CPU.ActiveCfg = Release|Any CPU
		{7128B103-BE45-433A-B0E5-E9F8B924FC5F}.Release|Any CPU.Build.0 = Release|Any CPU
		{AA404B5A-BD39-4888-BAC6-FBE502E410D0}.Debug|Any CPU.ActiveCfg = Debug|Any CPU
		{AA404B5A-BD39-4888-BAC6-FBE502E410D0}.Debug|Any CPU.Build.0 = Debug|Any CPU
		{AA404B5A-BD39-4888-BAC6-FBE502E410D0}.Release|Any CPU.ActiveCfg = Release|Any CPU
		{AA404B5A-BD39-4888-BAC6-FBE502E410D0}.Release|Any CPU.Build.0 = Release|Any CPU
		{E561B57D-9B9D-41CB-AD11-6686715D7628}.Debug|Any CPU.ActiveCfg = Debug|Any CPU
		{E561B57D-9B9D-41CB-AD11-6686715D7628}.Debug|Any CPU.Build.0 = Debug|Any CPU
		{E561B57D-9B9D-41CB-AD11-6686715D7628}.Release|Any CPU.ActiveCfg = Release|Any CPU
		{E561B57D-9B9D-41CB-AD11-6686715D7628}.Release|Any CPU.Build.0 = Release|Any CPU
		{A37E9174-33C0-4F85-AA1A-5C2FE3039875}.Debug|Any CPU.ActiveCfg = Debug|Any CPU
		{A37E9174-33C0-4F85-AA1A-5C2FE3039875}.Debug|Any CPU.Build.0 = Debug|Any CPU
		{A37E9174-33C0-4F85-AA1A-5C2FE3039875}.Release|Any CPU.ActiveCfg = Release|Any CPU
		{A37E9174-33C0-4F85-AA1A-5C2FE3039875}.Release|Any CPU.Build.0 = Release|Any CPU
		{FAAB8EF2-D8F0-4372-ACA7-EC2B94E50E10}.Debug|Any CPU.ActiveCfg = Debug|Any CPU
		{FAAB8EF2-D8F0-4372-ACA7-EC2B94E50E10}.Debug|Any CPU.Build.0 = Debug|Any CPU
		{FAAB8EF2-D8F0-4372-ACA7-EC2B94E50E10}.Release|Any CPU.ActiveCfg = Release|Any CPU
		{FAAB8EF2-D8F0-4372-ACA7-EC2B94E50E10}.Release|Any CPU.Build.0 = Release|Any CPU
		{DA7DC475-4311-4826-A023-532791E7B058}.Debug|Any CPU.ActiveCfg = Debug|Any CPU
		{DA7DC475-4311-4826-A023-532791E7B058}.Debug|Any CPU.Build.0 = Debug|Any CPU
		{DA7DC475-4311-4826-A023-532791E7B058}.Release|Any CPU.ActiveCfg = Release|Any CPU
		{DA7DC475-4311-4826-A023-532791E7B058}.Release|Any CPU.Build.0 = Release|Any CPU
		{9E53E081-A7E7-4FF4-A7BC-C60EECD86645}.Debug|Any CPU.ActiveCfg = Debug|Any CPU
		{9E53E081-A7E7-4FF4-A7BC-C60EECD86645}.Debug|Any CPU.Build.0 = Debug|Any CPU
		{9E53E081-A7E7-4FF4-A7BC-C60EECD86645}.Release|Any CPU.ActiveCfg = Release|Any CPU
		{9E53E081-A7E7-4FF4-A7BC-C60EECD86645}.Release|Any CPU.Build.0 = Release|Any CPU
		{A930F257-B3CF-4E89-A9F2-C27C8F0C80AA}.Debug|Any CPU.ActiveCfg = Debug|Any CPU
		{A930F257-B3CF-4E89-A9F2-C27C8F0C80AA}.Debug|Any CPU.Build.0 = Debug|Any CPU
		{A930F257-B3CF-4E89-A9F2-C27C8F0C80AA}.Release|Any CPU.ActiveCfg = Release|Any CPU
		{A930F257-B3CF-4E89-A9F2-C27C8F0C80AA}.Release|Any CPU.Build.0 = Release|Any CPU
		{F6635FE9-B2AC-4E22-A5E9-93FEC3E10F34}.Debug|Any CPU.ActiveCfg = Debug|Any CPU
		{F6635FE9-B2AC-4E22-A5E9-93FEC3E10F34}.Debug|Any CPU.Build.0 = Debug|Any CPU
		{F6635FE9-B2AC-4E22-A5E9-93FEC3E10F34}.Release|Any CPU.ActiveCfg = Release|Any CPU
		{F6635FE9-B2AC-4E22-A5E9-93FEC3E10F34}.Release|Any CPU.Build.0 = Release|Any CPU
		{DE8479FC-373E-4860-A2EA-25676D977534}.Debug|Any CPU.ActiveCfg = Debug|Any CPU
		{DE8479FC-373E-4860-A2EA-25676D977534}.Debug|Any CPU.Build.0 = Debug|Any CPU
		{DE8479FC-373E-4860-A2EA-25676D977534}.Release|Any CPU.ActiveCfg = Release|Any CPU
		{DE8479FC-373E-4860-A2EA-25676D977534}.Release|Any CPU.Build.0 = Release|Any CPU
	EndGlobalSection
	GlobalSection(NestedProjects) = preSolution
		{F297CA80-61A8-4EB2-AAAD-15AE3BA86675} = {69D2D0EE-EE9A-49C5-8739-87AE0CB5D2A7}
		{ECAAEF05-4BBB-4472-AFEF-7FC6C9A9206F} = {7944C576-A700-41AE-8617-91FC05098F74}
		{D4BB56F7-6EBF-4A14-80B9-52C1ACDCF40B} = {3F2AD2F0-FEFB-4633-991E-8DB22471EDE9}
		{E45257E8-3A37-4DE1-986E-51AEA850D773} = {69D2D0EE-EE9A-49C5-8739-87AE0CB5D2A7}
		{B71E3F38-D81F-4DE0-905B-DD4262DA8AA8} = {6DD496D9-D5F3-4985-854C-165CD1B2691E}
		{C4CF7D59-80C7-47C4-AF2F-17B9DF9F822B} = {B71E3F38-D81F-4DE0-905B-DD4262DA8AA8}
		{52324654-67CA-48C3-8C8B-E46523AE9113} = {B71E3F38-D81F-4DE0-905B-DD4262DA8AA8}
		{4782F96F-9369-4476-ABA7-9D962700B215} = {B71E3F38-D81F-4DE0-905B-DD4262DA8AA8}
		{891D7115-D776-419F-987D-B0D19303FF06} = {6DD496D9-D5F3-4985-854C-165CD1B2691E}
		{61ED2053-5B9B-4B96-B02F-44449D8E5D43} = {9EB9B25D-55AA-4166-96E3-90A1048595E2}
		{7128B103-BE45-433A-B0E5-E9F8B924FC5F} = {9EB9B25D-55AA-4166-96E3-90A1048595E2}
		{AA404B5A-BD39-4888-BAC6-FBE502E410D0} = {9EB9B25D-55AA-4166-96E3-90A1048595E2}
		{E561B57D-9B9D-41CB-AD11-6686715D7628} = {9EB9B25D-55AA-4166-96E3-90A1048595E2}
		{A37E9174-33C0-4F85-AA1A-5C2FE3039875} = {3F2AD2F0-FEFB-4633-991E-8DB22471EDE9}
		{FAAB8EF2-D8F0-4372-ACA7-EC2B94E50E10} = {69D2D0EE-EE9A-49C5-8739-87AE0CB5D2A7}
		{DA7DC475-4311-4826-A023-532791E7B058} = {3F2AD2F0-FEFB-4633-991E-8DB22471EDE9}
		{DC4184D2-D0E3-4888-8169-7C2BB8CD6BA1} = {3F2AD2F0-FEFB-4633-991E-8DB22471EDE9}
		{9E53E081-A7E7-4FF4-A7BC-C60EECD86645} = {DC4184D2-D0E3-4888-8169-7C2BB8CD6BA1}
		{A930F257-B3CF-4E89-A9F2-C27C8F0C80AA} = {DC4184D2-D0E3-4888-8169-7C2BB8CD6BA1}
		{F6635FE9-B2AC-4E22-A5E9-93FEC3E10F34} = {B71E3F38-D81F-4DE0-905B-DD4262DA8AA8}
		{DE8479FC-373E-4860-A2EA-25676D977534} = {4624BD9B-C1C8-42C4-9C62-CAACB1C68258}
	EndGlobalSection
EndGlobal
