
Microsoft Visual Studio Solution File, Format Version 12.00
Project("{FAE04EC0-301F-11D3-BF4B-00C04F79EFBC}") = "NetPad.Avalonia", "Apps\NetPad.Avalonia\NetPad.Avalonia.csproj", "{261E43D0-F810-4162-925B-044B9F77EF80}"
EndProject
Project("{FAE04EC0-301F-11D3-BF4B-00C04F79EFBC}") = "NetPad.Domain", "Core\NetPad.Domain\NetPad.Domain.csproj", "{F297CA80-61A8-4EB2-AAAD-15AE3BA86675}"
EndProject
Project("{FAE04EC0-301F-11D3-BF4B-00C04F79EFBC}") = "NetPad.OmniSharpWrapper", "Infrastructure\NetPad.OmniSharpWrapper\NetPad.OmniSharpWrapper.csproj", "{4CBE796E-6968-4410-A003-C8E33A0BF35C}"
EndProject
Project("{FAE04EC0-301F-11D3-BF4B-00C04F79EFBC}") = "OmniSharp.NET", "Infrastructure\OmniSharp.NET\OmniSharp.NET.csproj", "{FFC839AF-56DA-44A0-BEDF-58D50DF333B4}"
EndProject
Project("{2150E333-8FDC-42A3-9474-1A3956D46DE8}") = "Tests", "Tests", "{6DD496D9-D5F3-4985-854C-165CD1B2691E}"
EndProject
Project("{FAE04EC0-301F-11D3-BF4B-00C04F79EFBC}") = "NetPad.Core.Tests", "Tests\NetPad.Core.Tests\NetPad.Core.Tests.csproj", "{33C5E114-F156-49AC-9713-038676189BD2}"
EndProject
Project("{2150E333-8FDC-42A3-9474-1A3956D46DE8}") = "Core", "Core", "{69D2D0EE-EE9A-49C5-8739-87AE0CB5D2A7}"
EndProject
Project("{2150E333-8FDC-42A3-9474-1A3956D46DE8}") = "Apps", "Apps", "{7944C576-A700-41AE-8617-91FC05098F74}"
EndProject
Project("{2150E333-8FDC-42A3-9474-1A3956D46DE8}") = "Infrastructure", "Infrastructure", "{3F2AD2F0-FEFB-4633-991E-8DB22471EDE9}"
EndProject
Project("{FAE04EC0-301F-11D3-BF4B-00C04F79EFBC}") = "NetPad.Web", "Apps\NetPad.Web\NetPad.Web.csproj", "{ECAAEF05-4BBB-4472-AFEF-7FC6C9A9206F}"
EndProject
Global
	GlobalSection(SolutionConfigurationPlatforms) = preSolution
		Debug|Any CPU = Debug|Any CPU
		Release|Any CPU = Release|Any CPU
	EndGlobalSection
	GlobalSection(ProjectConfigurationPlatforms) = postSolution
		{261E43D0-F810-4162-925B-044B9F77EF80}.Debug|Any CPU.ActiveCfg = Debug|Any CPU
		{261E43D0-F810-4162-925B-044B9F77EF80}.Debug|Any CPU.Build.0 = Debug|Any CPU
		{261E43D0-F810-4162-925B-044B9F77EF80}.Release|Any CPU.ActiveCfg = Release|Any CPU
		{261E43D0-F810-4162-925B-044B9F77EF80}.Release|Any CPU.Build.0 = Release|Any CPU
		{F297CA80-61A8-4EB2-AAAD-15AE3BA86675}.Debug|Any CPU.ActiveCfg = Debug|Any CPU
		{F297CA80-61A8-4EB2-AAAD-15AE3BA86675}.Debug|Any CPU.Build.0 = Debug|Any CPU
		{F297CA80-61A8-4EB2-AAAD-15AE3BA86675}.Release|Any CPU.ActiveCfg = Release|Any CPU
		{F297CA80-61A8-4EB2-AAAD-15AE3BA86675}.Release|Any CPU.Build.0 = Release|Any CPU
		{4CBE796E-6968-4410-A003-C8E33A0BF35C}.Debug|Any CPU.ActiveCfg = Debug|Any CPU
		{4CBE796E-6968-4410-A003-C8E33A0BF35C}.Debug|Any CPU.Build.0 = Debug|Any CPU
		{4CBE796E-6968-4410-A003-C8E33A0BF35C}.Release|Any CPU.ActiveCfg = Release|Any CPU
		{4CBE796E-6968-4410-A003-C8E33A0BF35C}.Release|Any CPU.Build.0 = Release|Any CPU
		{FFC839AF-56DA-44A0-BEDF-58D50DF333B4}.Debug|Any CPU.ActiveCfg = Debug|Any CPU
		{FFC839AF-56DA-44A0-BEDF-58D50DF333B4}.Debug|Any CPU.Build.0 = Debug|Any CPU
		{FFC839AF-56DA-44A0-BEDF-58D50DF333B4}.Release|Any CPU.ActiveCfg = Release|Any CPU
		{FFC839AF-56DA-44A0-BEDF-58D50DF333B4}.Release|Any CPU.Build.0 = Release|Any CPU
		{33C5E114-F156-49AC-9713-038676189BD2}.Debug|Any CPU.ActiveCfg = Debug|Any CPU
		{33C5E114-F156-49AC-9713-038676189BD2}.Debug|Any CPU.Build.0 = Debug|Any CPU
		{33C5E114-F156-49AC-9713-038676189BD2}.Release|Any CPU.ActiveCfg = Release|Any CPU
		{33C5E114-F156-49AC-9713-038676189BD2}.Release|Any CPU.Build.0 = Release|Any CPU
		{ECAAEF05-4BBB-4472-AFEF-7FC6C9A9206F}.Debug|Any CPU.ActiveCfg = Debug|Any CPU
		{ECAAEF05-4BBB-4472-AFEF-7FC6C9A9206F}.Debug|Any CPU.Build.0 = Debug|Any CPU
		{ECAAEF05-4BBB-4472-AFEF-7FC6C9A9206F}.Release|Any CPU.ActiveCfg = Release|Any CPU
		{ECAAEF05-4BBB-4472-AFEF-7FC6C9A9206F}.Release|Any CPU.Build.0 = Release|Any CPU
	EndGlobalSection
	GlobalSection(NestedProjects) = preSolution
		{33C5E114-F156-49AC-9713-038676189BD2} = {6DD496D9-D5F3-4985-854C-165CD1B2691E}
		{F297CA80-61A8-4EB2-AAAD-15AE3BA86675} = {69D2D0EE-EE9A-49C5-8739-87AE0CB5D2A7}
		{261E43D0-F810-4162-925B-044B9F77EF80} = {7944C576-A700-41AE-8617-91FC05098F74}
		{FFC839AF-56DA-44A0-BEDF-58D50DF333B4} = {3F2AD2F0-FEFB-4633-991E-8DB22471EDE9}
		{4CBE796E-6968-4410-A003-C8E33A0BF35C} = {3F2AD2F0-FEFB-4633-991E-8DB22471EDE9}
		{ECAAEF05-4BBB-4472-AFEF-7FC6C9A9206F} = {7944C576-A700-41AE-8617-91FC05098F74}
	EndGlobalSection
EndGlobal
