
Microsoft Visual Studio Solution File, Format Version 12.00
Project("{FAE04EC0-301F-11D3-BF4B-00C04F79EFBC}") = "NetPad.Avalonia", "Apps\NetPad.Avalonia\NetPad.Avalonia.csproj", "{261E43D0-F810-4162-925B-044B9F77EF80}"
EndProject
Project("{FAE04EC0-301F-11D3-BF4B-00C04F79EFBC}") = "NetPad.Domain", "Core\NetPad.Domain\NetPad.Domain.csproj", "{F297CA80-61A8-4EB2-AAAD-15AE3BA86675}"
EndProject
Project("{FAE04EC0-301F-11D3-BF4B-00C04F79EFBC}") = "NetPad.OmniSharpWrapper", "Infrastructure\NetPad.OmniSharpWrapper\NetPad.OmniSharpWrapper.csproj", "{4CBE796E-6968-4410-A003-C8E33A0BF35C}"
EndProject
Project("{FAE04EC0-301F-11D3-BF4B-00C04F79EFBC}") = "OmniSharp.NET", "Infrastructure\OmniSharp.NET\OmniSharp.NET.csproj", "{FFC839AF-56DA-44A0-BEDF-58D50DF333B4}"
EndProject
Project("{2150E333-8FDC-42A3-9474-1A3956D46DE8}") = "Tests", "Tests", "{6DD496D9-D5F3-4985-854C-165CD1B2691E}"
EndProject
Project("{2150E333-8FDC-42A3-9474-1A3956D46DE8}") = "Core", "Core", "{69D2D0EE-EE9A-49C5-8739-87AE0CB5D2A7}"
EndProject
Project("{2150E333-8FDC-42A3-9474-1A3956D46DE8}") = "Apps", "Apps", "{7944C576-A700-41AE-8617-91FC05098F74}"
EndProject
Project("{2150E333-8FDC-42A3-9474-1A3956D46DE8}") = "Infrastructure", "Infrastructure", "{3F2AD2F0-FEFB-4633-991E-8DB22471EDE9}"
EndProject
Project("{FAE04EC0-301F-11D3-BF4B-00C04F79EFBC}") = "NetPad.Web", "Apps\NetPad.Web\NetPad.Web.csproj", "{ECAAEF05-4BBB-4472-AFEF-7FC6C9A9206F}"
EndProject
Project("{FAE04EC0-301F-11D3-BF4B-00C04F79EFBC}") = "NetPad.Infrastructure", "Infrastructure\NetPad.Infrastructure\NetPad.Infrastructure.csproj", "{D4BB56F7-6EBF-4A14-80B9-52C1ACDCF40B}"
EndProject
Project("{FAE04EC0-301F-11D3-BF4B-00C04F79EFBC}") = "NetPad.Runtimes", "Core\NetPad.Runtimes\NetPad.Runtimes.csproj", "{129E63EF-3BFC-481B-98FD-7E45036E6163}"
EndProject
Project("{FAE04EC0-301F-11D3-BF4B-00C04F79EFBC}") = "NetPad.Compilation", "Core\NetPad.Compilation\NetPad.Compilation.csproj", "{E45257E8-3A37-4DE1-986E-51AEA850D773}"
EndProject
Project("{2150E333-8FDC-42A3-9474-1A3956D46DE8}") = "Core", "Core", "{B71E3F38-D81F-4DE0-905B-DD4262DA8AA8}"
EndProject
Project("{FAE04EC0-301F-11D3-BF4B-00C04F79EFBC}") = "NetPad.Runtimes.Tests", "Tests\Core\NetPad.Runtimes.Tests\NetPad.Runtimes.Tests.csproj", "{C4CF7D59-80C7-47C4-AF2F-17B9DF9F822B}"
EndProject
Project("{FAE04EC0-301F-11D3-BF4B-00C04F79EFBC}") = "NetPad.Compilation.Tests", "Tests\Core\NetPad.Compilation.Tests\NetPad.Compilation.Tests.csproj", "{52324654-67CA-48C3-8C8B-E46523AE9113}"
EndProject
Global
	GlobalSection(SolutionConfigurationPlatforms) = preSolution
		Debug|Any CPU = Debug|Any CPU
		Release|Any CPU = Release|Any CPU
	EndGlobalSection
	GlobalSection(ProjectConfigurationPlatforms) = postSolution
		{261E43D0-F810-4162-925B-044B9F77EF80}.Debug|Any CPU.ActiveCfg = Debug|Any CPU
		{261E43D0-F810-4162-925B-044B9F77EF80}.Debug|Any CPU.Build.0 = Debug|Any CPU
		{261E43D0-F810-4162-925B-044B9F77EF80}.Release|Any CPU.ActiveCfg = Release|Any CPU
		{261E43D0-F810-4162-925B-044B9F77EF80}.Release|Any CPU.Build.0 = Release|Any CPU
		{F297CA80-61A8-4EB2-AAAD-15AE3BA86675}.Debug|Any CPU.ActiveCfg = Debug|Any CPU
		{F297CA80-61A8-4EB2-AAAD-15AE3BA86675}.Debug|Any CPU.Build.0 = Debug|Any CPU
		{F297CA80-61A8-4EB2-AAAD-15AE3BA86675}.Release|Any CPU.ActiveCfg = Release|Any CPU
		{F297CA80-61A8-4EB2-AAAD-15AE3BA86675}.Release|Any CPU.Build.0 = Release|Any CPU
		{4CBE796E-6968-4410-A003-C8E33A0BF35C}.Debug|Any CPU.ActiveCfg = Debug|Any CPU
		{4CBE796E-6968-4410-A003-C8E33A0BF35C}.Debug|Any CPU.Build.0 = Debug|Any CPU
		{4CBE796E-6968-4410-A003-C8E33A0BF35C}.Release|Any CPU.ActiveCfg = Release|Any CPU
		{4CBE796E-6968-4410-A003-C8E33A0BF35C}.Release|Any CPU.Build.0 = Release|Any CPU
		{FFC839AF-56DA-44A0-BEDF-58D50DF333B4}.Debug|Any CPU.ActiveCfg = Debug|Any CPU
		{FFC839AF-56DA-44A0-BEDF-58D50DF333B4}.Debug|Any CPU.Build.0 = Debug|Any CPU
		{FFC839AF-56DA-44A0-BEDF-58D50DF333B4}.Release|Any CPU.ActiveCfg = Release|Any CPU
		{FFC839AF-56DA-44A0-BEDF-58D50DF333B4}.Release|Any CPU.Build.0 = Release|Any CPU
		{ECAAEF05-4BBB-4472-AFEF-7FC6C9A9206F}.Debug|Any CPU.ActiveCfg = Debug|Any CPU
		{ECAAEF05-4BBB-4472-AFEF-7FC6C9A9206F}.Debug|Any CPU.Build.0 = Debug|Any CPU
		{ECAAEF05-4BBB-4472-AFEF-7FC6C9A9206F}.Release|Any CPU.ActiveCfg = Release|Any CPU
		{ECAAEF05-4BBB-4472-AFEF-7FC6C9A9206F}.Release|Any CPU.Build.0 = Release|Any CPU
		{D4BB56F7-6EBF-4A14-80B9-52C1ACDCF40B}.Debug|Any CPU.ActiveCfg = Debug|Any CPU
		{D4BB56F7-6EBF-4A14-80B9-52C1ACDCF40B}.Debug|Any CPU.Build.0 = Debug|Any CPU
		{D4BB56F7-6EBF-4A14-80B9-52C1ACDCF40B}.Release|Any CPU.ActiveCfg = Release|Any CPU
		{D4BB56F7-6EBF-4A14-80B9-52C1ACDCF40B}.Release|Any CPU.Build.0 = Release|Any CPU
		{129E63EF-3BFC-481B-98FD-7E45036E6163}.Debug|Any CPU.ActiveCfg = Debug|Any CPU
		{129E63EF-3BFC-481B-98FD-7E45036E6163}.Debug|Any CPU.Build.0 = Debug|Any CPU
		{129E63EF-3BFC-481B-98FD-7E45036E6163}.Release|Any CPU.ActiveCfg = Release|Any CPU
		{129E63EF-3BFC-481B-98FD-7E45036E6163}.Release|Any CPU.Build.0 = Release|Any CPU
		{E45257E8-3A37-4DE1-986E-51AEA850D773}.Debug|Any CPU.ActiveCfg = Debug|Any CPU
		{E45257E8-3A37-4DE1-986E-51AEA850D773}.Debug|Any CPU.Build.0 = Debug|Any CPU
		{E45257E8-3A37-4DE1-986E-51AEA850D773}.Release|Any CPU.ActiveCfg = Release|Any CPU
		{E45257E8-3A37-4DE1-986E-51AEA850D773}.Release|Any CPU.Build.0 = Release|Any CPU
		{C4CF7D59-80C7-47C4-AF2F-17B9DF9F822B}.Debug|Any CPU.ActiveCfg = Debug|Any CPU
		{C4CF7D59-80C7-47C4-AF2F-17B9DF9F822B}.Debug|Any CPU.Build.0 = Debug|Any CPU
		{C4CF7D59-80C7-47C4-AF2F-17B9DF9F822B}.Release|Any CPU.ActiveCfg = Release|Any CPU
		{C4CF7D59-80C7-47C4-AF2F-17B9DF9F822B}.Release|Any CPU.Build.0 = Release|Any CPU
		{52324654-67CA-48C3-8C8B-E46523AE9113}.Debug|Any CPU.ActiveCfg = Debug|Any CPU
		{52324654-67CA-48C3-8C8B-E46523AE9113}.Debug|Any CPU.Build.0 = Debug|Any CPU
		{52324654-67CA-48C3-8C8B-E46523AE9113}.Release|Any CPU.ActiveCfg = Release|Any CPU
		{52324654-67CA-48C3-8C8B-E46523AE9113}.Release|Any CPU.Build.0 = Release|Any CPU
	EndGlobalSection
	GlobalSection(NestedProjects) = preSolution
		{F297CA80-61A8-4EB2-AAAD-15AE3BA86675} = {69D2D0EE-EE9A-49C5-8739-87AE0CB5D2A7}
		{261E43D0-F810-4162-925B-044B9F77EF80} = {7944C576-A700-41AE-8617-91FC05098F74}
		{FFC839AF-56DA-44A0-BEDF-58D50DF333B4} = {3F2AD2F0-FEFB-4633-991E-8DB22471EDE9}
		{4CBE796E-6968-4410-A003-C8E33A0BF35C} = {3F2AD2F0-FEFB-4633-991E-8DB22471EDE9}
		{ECAAEF05-4BBB-4472-AFEF-7FC6C9A9206F} = {7944C576-A700-41AE-8617-91FC05098F74}
		{D4BB56F7-6EBF-4A14-80B9-52C1ACDCF40B} = {3F2AD2F0-FEFB-4633-991E-8DB22471EDE9}
		{129E63EF-3BFC-481B-98FD-7E45036E6163} = {69D2D0EE-EE9A-49C5-8739-87AE0CB5D2A7}
		{E45257E8-3A37-4DE1-986E-51AEA850D773} = {69D2D0EE-EE9A-49C5-8739-87AE0CB5D2A7}
		{B71E3F38-D81F-4DE0-905B-DD4262DA8AA8} = {6DD496D9-D5F3-4985-854C-165CD1B2691E}
		{C4CF7D59-80C7-47C4-AF2F-17B9DF9F822B} = {B71E3F38-D81F-4DE0-905B-DD4262DA8AA8}
		{52324654-67CA-48C3-8C8B-E46523AE9113} = {B71E3F38-D81F-4DE0-905B-DD4262DA8AA8}
	EndGlobalSection
EndGlobal
